// !$*UTF8*$!
{
	archiveVersion = 1;
	classes = {
	};
	objectVersion = 51;
	objects = {

/* Begin PBXBuildFile section */
		2CFD0C895B683227D1BA1ED4 /* Pods_StarsTop.framework in Frameworks */ = {isa = PBXBuildFile; fileRef = 0C4C5153B19AFD4CDFD70022 /* Pods_StarsTop.framework */; };
		8D89406C249118C300D2198E /* RepoListInteractor.swift in Sources */ = {isa = PBXBuildFile; fileRef = 8D894012248F144B00D2198E /* RepoListInteractor.swift */; };
		8D89406E249118C300D2198E /* RepoListViewController.swift in Sources */ = {isa = PBXBuildFile; fileRef = 8D894010248F143E00D2198E /* RepoListViewController.swift */; };
		8D89406F249118C300D2198E /* RepoListModels.swift in Sources */ = {isa = PBXBuildFile; fileRef = 8D89401A248F24D500D2198E /* RepoListModels.swift */; };
		8D894070249118C300D2198E /* RepoListConfigurator.swift in Sources */ = {isa = PBXBuildFile; fileRef = 8D894018248F149D00D2198E /* RepoListConfigurator.swift */; };
		8D894071249118C300D2198E /* WindowFactory.swift in Sources */ = {isa = PBXBuildFile; fileRef = 8D89401F2490203B00D2198E /* WindowFactory.swift */; };
		8D894072249118C300D2198E /* RepoListRouter.swift in Sources */ = {isa = PBXBuildFile; fileRef = 8D894016248F148D00D2198E /* RepoListRouter.swift */; };
		8D894073249118C300D2198E /* AlamofireApiRequest.swift in Sources */ = {isa = PBXBuildFile; fileRef = 8D89402F2490470500D2198E /* AlamofireApiRequest.swift */; };
		8D894074249118C300D2198E /* RepoListPresenter.swift in Sources */ = {isa = PBXBuildFile; fileRef = 8D894014248F145600D2198E /* RepoListPresenter.swift */; };
		8D894075249118C300D2198E /* main.swift in Sources */ = {isa = PBXBuildFile; fileRef = 8D894023249025BE00D2198E /* main.swift */; };
		8D894076249118C300D2198E /* AppDelegate.swift in Sources */ = {isa = PBXBuildFile; fileRef = 8D893FE5248F114F00D2198E /* AppDelegate.swift */; };
		8D894077249118C300D2198E /* RepoListView.swift in Sources */ = {isa = PBXBuildFile; fileRef = 8D89400E248F142F00D2198E /* RepoListView.swift */; };
		8D894078249118C300D2198E /* RepoListWorker.swift in Sources */ = {isa = PBXBuildFile; fileRef = 8D89401C248F25AD00D2198E /* RepoListWorker.swift */; };
		8DC196392491C63D0074747A /* StarsTopTests.swift in Sources */ = {isa = PBXBuildFile; fileRef = 8DC196382491C63D0074747A /* StarsTopTests.swift */; };
		8DC196452491CCC50074747A /* WindowFactory.swift in Sources */ = {isa = PBXBuildFile; fileRef = 8DC196442491CCC50074747A /* WindowFactory.swift */; };
		8DC196472491CD0A0074747A /* TestAppDelegate.swift in Sources */ = {isa = PBXBuildFile; fileRef = 8DC196462491CD0A0074747A /* TestAppDelegate.swift */; };
		8DC1964E2492F0F20074747A /* ApiTests.swift in Sources */ = {isa = PBXBuildFile; fileRef = 8DC1964D2492F0F20074747A /* ApiTests.swift */; };
		8DC19670249326D60074747A /* RequestProtocol.swift in Sources */ = {isa = PBXBuildFile; fileRef = 8DC1966F249326D60074747A /* RequestProtocol.swift */; };
		8DC19672249327070074747A /* MockRequest.swift in Sources */ = {isa = PBXBuildFile; fileRef = 8DC19671249327070074747A /* MockRequest.swift */; };
		8DC19674249331950074747A /* Environment.swift in Sources */ = {isa = PBXBuildFile; fileRef = 8DC19673249331950074747A /* Environment.swift */; };
		8DC196772493CE670074747A /* RequestManager.swift in Sources */ = {isa = PBXBuildFile; fileRef = 8DC196762493CE670074747A /* RequestManager.swift */; };
		8DC1967A249418D30074747A /* ArchConfigurator.swift in Sources */ = {isa = PBXBuildFile; fileRef = 8DC19679249418D30074747A /* ArchConfigurator.swift */; };
		8DC1967C24941A1F0074747A /* ArchConfiguratorModel.swift in Sources */ = {isa = PBXBuildFile; fileRef = 8DC1967B24941A1F0074747A /* ArchConfiguratorModel.swift */; };
		8DC1967E24941B3C0074747A /* ArchConfiguratorFactory.swift in Sources */ = {isa = PBXBuildFile; fileRef = 8DC1967D24941B3C0074747A /* ArchConfiguratorFactory.swift */; };
		8DC19681249555460074747A /* RepoListDetailCell.swift in Sources */ = {isa = PBXBuildFile; fileRef = 8DC19680249555460074747A /* RepoListDetailCell.swift */; };
		8DC1968D2495F30B0074747A /* StarsTopUITests.swift in Sources */ = {isa = PBXBuildFile; fileRef = 8DC1968C2495F30B0074747A /* StarsTopUITests.swift */; };
		8DC196972495F3C30074747A /* SnapshotHelper.swift in Sources */ = {isa = PBXBuildFile; fileRef = 8DC196962495F3C30074747A /* SnapshotHelper.swift */; };
		B77C39182A6AE9A1A83D3413 /* Pods_StarsTopTests.framework in Frameworks */ = {isa = PBXBuildFile; fileRef = FA41E6356F49966BAD372EB8 /* Pods_StarsTopTests.framework */; };
/* End PBXBuildFile section */

/* Begin PBXContainerItemProxy section */
		8DC1963B2491C63D0074747A /* PBXContainerItemProxy */ = {
			isa = PBXContainerItemProxy;
			containerPortal = 8D893FDA248F114F00D2198E /* Project object */;
			proxyType = 1;
			remoteGlobalIDString = 8D894069249118C300D2198E;
			remoteInfo = StarsTop;
		};
		8DC1968F2495F30B0074747A /* PBXContainerItemProxy */ = {
			isa = PBXContainerItemProxy;
			containerPortal = 8D893FDA248F114F00D2198E /* Project object */;
			proxyType = 1;
			remoteGlobalIDString = 8D894069249118C300D2198E;
			remoteInfo = StarsTop;
		};
/* End PBXContainerItemProxy section */

/* Begin PBXFileReference section */
		0C4C5153B19AFD4CDFD70022 /* Pods_StarsTop.framework */ = {isa = PBXFileReference; explicitFileType = wrapper.framework; includeInIndex = 0; path = Pods_StarsTop.framework; sourceTree = BUILT_PRODUCTS_DIR; };
		23C8F79B39F6ADACF1A20DF4 /* Pods-StarsTop.production.xcconfig */ = {isa = PBXFileReference; includeInIndex = 1; lastKnownFileType = text.xcconfig; name = "Pods-StarsTop.production.xcconfig"; path = "Target Support Files/Pods-StarsTop/Pods-StarsTop.production.xcconfig"; sourceTree = "<group>"; };
		266AD5071DA1848EACE83935 /* Pods-StarsTopTests.production.xcconfig */ = {isa = PBXFileReference; includeInIndex = 1; lastKnownFileType = text.xcconfig; name = "Pods-StarsTopTests.production.xcconfig"; path = "Target Support Files/Pods-StarsTopTests/Pods-StarsTopTests.production.xcconfig"; sourceTree = "<group>"; };
		5200ACE3358B99B07AE14E94 /* Pods-StarsTop.mock.xcconfig */ = {isa = PBXFileReference; includeInIndex = 1; lastKnownFileType = text.xcconfig; name = "Pods-StarsTop.mock.xcconfig"; path = "Target Support Files/Pods-StarsTop/Pods-StarsTop.mock.xcconfig"; sourceTree = "<group>"; };
		798975D7B3EDE6E819CF31EB /* Pods-StarsTop.develop.xcconfig */ = {isa = PBXFileReference; includeInIndex = 1; lastKnownFileType = text.xcconfig; name = "Pods-StarsTop.develop.xcconfig"; path = "Target Support Files/Pods-StarsTop/Pods-StarsTop.develop.xcconfig"; sourceTree = "<group>"; };
		8D893FE5248F114F00D2198E /* AppDelegate.swift */ = {isa = PBXFileReference; lastKnownFileType = sourcecode.swift; path = AppDelegate.swift; sourceTree = "<group>"; };
		8D89400E248F142F00D2198E /* RepoListView.swift */ = {isa = PBXFileReference; lastKnownFileType = sourcecode.swift; path = RepoListView.swift; sourceTree = "<group>"; };
		8D894010248F143E00D2198E /* RepoListViewController.swift */ = {isa = PBXFileReference; lastKnownFileType = sourcecode.swift; path = RepoListViewController.swift; sourceTree = "<group>"; };
		8D894012248F144B00D2198E /* RepoListInteractor.swift */ = {isa = PBXFileReference; lastKnownFileType = sourcecode.swift; path = RepoListInteractor.swift; sourceTree = "<group>"; };
		8D894014248F145600D2198E /* RepoListPresenter.swift */ = {isa = PBXFileReference; lastKnownFileType = sourcecode.swift; path = RepoListPresenter.swift; sourceTree = "<group>"; };
		8D894016248F148D00D2198E /* RepoListRouter.swift */ = {isa = PBXFileReference; lastKnownFileType = sourcecode.swift; path = RepoListRouter.swift; sourceTree = "<group>"; };
		8D894018248F149D00D2198E /* RepoListConfigurator.swift */ = {isa = PBXFileReference; lastKnownFileType = sourcecode.swift; path = RepoListConfigurator.swift; sourceTree = "<group>"; };
		8D89401A248F24D500D2198E /* RepoListModels.swift */ = {isa = PBXFileReference; lastKnownFileType = sourcecode.swift; path = RepoListModels.swift; sourceTree = "<group>"; };
		8D89401C248F25AD00D2198E /* RepoListWorker.swift */ = {isa = PBXFileReference; lastKnownFileType = sourcecode.swift; path = RepoListWorker.swift; sourceTree = "<group>"; };
		8D89401F2490203B00D2198E /* WindowFactory.swift */ = {isa = PBXFileReference; lastKnownFileType = sourcecode.swift; path = WindowFactory.swift; sourceTree = "<group>"; };
		8D894023249025BE00D2198E /* main.swift */ = {isa = PBXFileReference; lastKnownFileType = sourcecode.swift; path = main.swift; sourceTree = "<group>"; };
		8D89402F2490470500D2198E /* AlamofireApiRequest.swift */ = {isa = PBXFileReference; lastKnownFileType = sourcecode.swift; path = AlamofireApiRequest.swift; sourceTree = "<group>"; };
		8D894082249118C300D2198E /* StarsTop.app */ = {isa = PBXFileReference; explicitFileType = wrapper.application; includeInIndex = 0; path = StarsTop.app; sourceTree = BUILT_PRODUCTS_DIR; };
		8D89409924911DF700D2198E /* LaunchScreen.storyboard */ = {isa = PBXFileReference; fileEncoding = 4; lastKnownFileType = file.storyboard; path = LaunchScreen.storyboard; sourceTree = "<group>"; };
		8D89409A24911DF700D2198E /* Assets.xcassets */ = {isa = PBXFileReference; lastKnownFileType = folder.assetcatalog; path = Assets.xcassets; sourceTree = "<group>"; };
		8D8940AC24918AB800D2198E /* Info.plist */ = {isa = PBXFileReference; fileEncoding = 4; lastKnownFileType = text.plist.xml; path = Info.plist; sourceTree = "<group>"; };
		8DC196362491C63D0074747A /* StarsTopTests.xctest */ = {isa = PBXFileReference; explicitFileType = wrapper.cfbundle; includeInIndex = 0; path = StarsTopTests.xctest; sourceTree = BUILT_PRODUCTS_DIR; };
		8DC196382491C63D0074747A /* StarsTopTests.swift */ = {isa = PBXFileReference; lastKnownFileType = sourcecode.swift; path = StarsTopTests.swift; sourceTree = "<group>"; };
		8DC196442491CCC50074747A /* WindowFactory.swift */ = {isa = PBXFileReference; lastKnownFileType = sourcecode.swift; path = WindowFactory.swift; sourceTree = "<group>"; };
		8DC196462491CD0A0074747A /* TestAppDelegate.swift */ = {isa = PBXFileReference; lastKnownFileType = sourcecode.swift; path = TestAppDelegate.swift; sourceTree = "<group>"; };
		8DC196492491CE350074747A /* Info.plist */ = {isa = PBXFileReference; fileEncoding = 4; lastKnownFileType = text.plist.xml; path = Info.plist; sourceTree = "<group>"; };
		8DC1964D2492F0F20074747A /* ApiTests.swift */ = {isa = PBXFileReference; lastKnownFileType = sourcecode.swift; path = ApiTests.swift; sourceTree = "<group>"; };
		8DC1966F249326D60074747A /* RequestProtocol.swift */ = {isa = PBXFileReference; lastKnownFileType = sourcecode.swift; path = RequestProtocol.swift; sourceTree = "<group>"; };
		8DC19671249327070074747A /* MockRequest.swift */ = {isa = PBXFileReference; lastKnownFileType = sourcecode.swift; path = MockRequest.swift; sourceTree = "<group>"; };
		8DC19673249331950074747A /* Environment.swift */ = {isa = PBXFileReference; lastKnownFileType = sourcecode.swift; path = Environment.swift; sourceTree = "<group>"; };
		8DC196762493CE670074747A /* RequestManager.swift */ = {isa = PBXFileReference; lastKnownFileType = sourcecode.swift; path = RequestManager.swift; sourceTree = "<group>"; };
		8DC19679249418D30074747A /* ArchConfigurator.swift */ = {isa = PBXFileReference; lastKnownFileType = sourcecode.swift; path = ArchConfigurator.swift; sourceTree = "<group>"; };
		8DC1967B24941A1F0074747A /* ArchConfiguratorModel.swift */ = {isa = PBXFileReference; lastKnownFileType = sourcecode.swift; path = ArchConfiguratorModel.swift; sourceTree = "<group>"; };
		8DC1967D24941B3C0074747A /* ArchConfiguratorFactory.swift */ = {isa = PBXFileReference; lastKnownFileType = sourcecode.swift; path = ArchConfiguratorFactory.swift; sourceTree = "<group>"; };
		8DC19680249555460074747A /* RepoListDetailCell.swift */ = {isa = PBXFileReference; lastKnownFileType = sourcecode.swift; path = RepoListDetailCell.swift; sourceTree = "<group>"; };
		8DC1968A2495F30B0074747A /* StarsTopUITests.xctest */ = {isa = PBXFileReference; explicitFileType = wrapper.cfbundle; includeInIndex = 0; path = StarsTopUITests.xctest; sourceTree = BUILT_PRODUCTS_DIR; };
		8DC1968C2495F30B0074747A /* StarsTopUITests.swift */ = {isa = PBXFileReference; lastKnownFileType = sourcecode.swift; path = StarsTopUITests.swift; sourceTree = "<group>"; };
		8DC1968E2495F30B0074747A /* Info.plist */ = {isa = PBXFileReference; lastKnownFileType = text.plist.xml; path = Info.plist; sourceTree = "<group>"; };
		8DC196962495F3C30074747A /* SnapshotHelper.swift */ = {isa = PBXFileReference; fileEncoding = 4; lastKnownFileType = sourcecode.swift; name = SnapshotHelper.swift; path = fastlane/SnapshotHelper.swift; sourceTree = SOURCE_ROOT; };
		BD238C365ED582B06B07887E /* Pods-StarsTop.homolog.xcconfig */ = {isa = PBXFileReference; includeInIndex = 1; lastKnownFileType = text.xcconfig; name = "Pods-StarsTop.homolog.xcconfig"; path = "Target Support Files/Pods-StarsTop/Pods-StarsTop.homolog.xcconfig"; sourceTree = "<group>"; };
		C85D1AF654006026BCB1E7EC /* Pods-StarsTopTests.homolog.xcconfig */ = {isa = PBXFileReference; includeInIndex = 1; lastKnownFileType = text.xcconfig; name = "Pods-StarsTopTests.homolog.xcconfig"; path = "Target Support Files/Pods-StarsTopTests/Pods-StarsTopTests.homolog.xcconfig"; sourceTree = "<group>"; };
		EC0116829A7A38C2442D1A53 /* Pods-StarsTopTests.develop.xcconfig */ = {isa = PBXFileReference; includeInIndex = 1; lastKnownFileType = text.xcconfig; name = "Pods-StarsTopTests.develop.xcconfig"; path = "Target Support Files/Pods-StarsTopTests/Pods-StarsTopTests.develop.xcconfig"; sourceTree = "<group>"; };
		F27C8F65F2B065A7C7A69CB9 /* Pods-StarsTopTests.mock.xcconfig */ = {isa = PBXFileReference; includeInIndex = 1; lastKnownFileType = text.xcconfig; name = "Pods-StarsTopTests.mock.xcconfig"; path = "Target Support Files/Pods-StarsTopTests/Pods-StarsTopTests.mock.xcconfig"; sourceTree = "<group>"; };
		FA41E6356F49966BAD372EB8 /* Pods_StarsTopTests.framework */ = {isa = PBXFileReference; explicitFileType = wrapper.framework; includeInIndex = 0; path = Pods_StarsTopTests.framework; sourceTree = BUILT_PRODUCTS_DIR; };
/* End PBXFileReference section */

/* Begin PBXFrameworksBuildPhase section */
		8D894079249118C300D2198E /* Frameworks */ = {
			isa = PBXFrameworksBuildPhase;
			buildActionMask = 2147483647;
			files = (
				2CFD0C895B683227D1BA1ED4 /* Pods_StarsTop.framework in Frameworks */,
			);
			runOnlyForDeploymentPostprocessing = 0;
		};
		8DC196332491C63D0074747A /* Frameworks */ = {
			isa = PBXFrameworksBuildPhase;
			buildActionMask = 2147483647;
			files = (
				B77C39182A6AE9A1A83D3413 /* Pods_StarsTopTests.framework in Frameworks */,
			);
			runOnlyForDeploymentPostprocessing = 0;
		};
		8DC196872495F30B0074747A /* Frameworks */ = {
			isa = PBXFrameworksBuildPhase;
			buildActionMask = 2147483647;
			files = (
			);
			runOnlyForDeploymentPostprocessing = 0;
		};
/* End PBXFrameworksBuildPhase section */

/* Begin PBXGroup section */
		19EF177CF8BA4D9CC3567D35 /* Frameworks */ = {
			isa = PBXGroup;
			children = (
				0C4C5153B19AFD4CDFD70022 /* Pods_StarsTop.framework */,
				FA41E6356F49966BAD372EB8 /* Pods_StarsTopTests.framework */,
			);
			name = Frameworks;
			sourceTree = "<group>";
		};
		8D893FD9248F114F00D2198E = {
			isa = PBXGroup;
			children = (
				8D893FE4248F114F00D2198E /* StarsTop */,
				8DC196372491C63D0074747A /* StarsTopTests */,
				8DC1968B2495F30B0074747A /* StarsTopUITests */,
				8D893FE3248F114F00D2198E /* Products */,
				C161CD733317025827863A66 /* Pods */,
				19EF177CF8BA4D9CC3567D35 /* Frameworks */,
			);
			sourceTree = "<group>";
		};
		8D893FE3248F114F00D2198E /* Products */ = {
			isa = PBXGroup;
			children = (
				8D894082249118C300D2198E /* StarsTop.app */,
				8DC196362491C63D0074747A /* StarsTopTests.xctest */,
				8DC1968A2495F30B0074747A /* StarsTopUITests.xctest */,
			);
			name = Products;
			sourceTree = "<group>";
		};
		8D893FE4248F114F00D2198E /* StarsTop */ = {
			isa = PBXGroup;
			children = (
				8DC19678249418B60074747A /* Shared */,
				8D89402E249044F500D2198E /* Network */,
				8D894007248F126300D2198E /* Application */,
				8D89401E2490202100D2198E /* Factories */,
				8D894008248F126D00D2198E /* Presentation */,
				8D89400B248F12C800D2198E /* Core */,
				8D89400A248F12B100D2198E /* Business */,
				8D89409824911DF700D2198E /* Resources */,
				8D894023249025BE00D2198E /* main.swift */,
			);
			path = StarsTop;
			sourceTree = "<group>";
		};
		8D894007248F126300D2198E /* Application */ = {
			isa = PBXGroup;
			children = (
				8DC19673249331950074747A /* Environment.swift */,
				8D893FE5248F114F00D2198E /* AppDelegate.swift */,
			);
			path = Application;
			sourceTree = "<group>";
		};
		8D894008248F126D00D2198E /* Presentation */ = {
			isa = PBXGroup;
			children = (
				8D894009248F129200D2198E /* Modules */,
			);
			path = Presentation;
			sourceTree = "<group>";
		};
		8D894009248F129200D2198E /* Modules */ = {
			isa = PBXGroup;
			children = (
				8D89400D248F13F100D2198E /* RepoList */,
			);
			path = Modules;
			sourceTree = "<group>";
		};
		8D89400A248F12B100D2198E /* Business */ = {
			isa = PBXGroup;
			children = (
			);
			path = Business;
			sourceTree = "<group>";
		};
		8D89400B248F12C800D2198E /* Core */ = {
			isa = PBXGroup;
			children = (
			);
			path = Core;
			sourceTree = "<group>";
		};
		8D89400D248F13F100D2198E /* RepoList */ = {
			isa = PBXGroup;
			children = (
				8DC1967F249555090074747A /* CustomViews */,
				8D89400E248F142F00D2198E /* RepoListView.swift */,
				8D894010248F143E00D2198E /* RepoListViewController.swift */,
				8D894012248F144B00D2198E /* RepoListInteractor.swift */,
				8D894014248F145600D2198E /* RepoListPresenter.swift */,
				8D894016248F148D00D2198E /* RepoListRouter.swift */,
				8D894018248F149D00D2198E /* RepoListConfigurator.swift */,
				8D89401A248F24D500D2198E /* RepoListModels.swift */,
				8D89401C248F25AD00D2198E /* RepoListWorker.swift */,
			);
			path = RepoList;
			sourceTree = "<group>";
		};
		8D89401E2490202100D2198E /* Factories */ = {
			isa = PBXGroup;
			children = (
				8D89401F2490203B00D2198E /* WindowFactory.swift */,
				8DC1967D24941B3C0074747A /* ArchConfiguratorFactory.swift */,
			);
			path = Factories;
			sourceTree = "<group>";
		};
		8D89402E249044F500D2198E /* Network */ = {
			isa = PBXGroup;
			children = (
				8DC1966F249326D60074747A /* RequestProtocol.swift */,
				8D89402F2490470500D2198E /* AlamofireApiRequest.swift */,
				8DC19671249327070074747A /* MockRequest.swift */,
				8DC196762493CE670074747A /* RequestManager.swift */,
			);
			path = Network;
			sourceTree = "<group>";
		};
		8D89409824911DF700D2198E /* Resources */ = {
			isa = PBXGroup;
			children = (
				8D8940AC24918AB800D2198E /* Info.plist */,
				8D89409924911DF700D2198E /* LaunchScreen.storyboard */,
				8D89409A24911DF700D2198E /* Assets.xcassets */,
			);
			path = Resources;
			sourceTree = "<group>";
		};
		8DC196372491C63D0074747A /* StarsTopTests */ = {
			isa = PBXGroup;
			children = (
				8DC1964C2492F0DB0074747A /* Network */,
				8DC1964B2491CE850074747A /* Factories */,
				8DC196482491CD7D0074747A /* Resources */,
				8DC196382491C63D0074747A /* StarsTopTests.swift */,
				8DC196462491CD0A0074747A /* TestAppDelegate.swift */,
			);
			path = StarsTopTests;
			sourceTree = "<group>";
		};
		8DC196482491CD7D0074747A /* Resources */ = {
			isa = PBXGroup;
			children = (
				8DC196492491CE350074747A /* Info.plist */,
			);
			path = Resources;
			sourceTree = "<group>";
		};
		8DC1964B2491CE850074747A /* Factories */ = {
			isa = PBXGroup;
			children = (
				8DC196442491CCC50074747A /* WindowFactory.swift */,
			);
			path = Factories;
			sourceTree = "<group>";
		};
		8DC1964C2492F0DB0074747A /* Network */ = {
			isa = PBXGroup;
			children = (
				8DC1964D2492F0F20074747A /* ApiTests.swift */,
			);
			path = Network;
			sourceTree = "<group>";
		};
		8DC19678249418B60074747A /* Shared */ = {
			isa = PBXGroup;
			children = (
				8DC19679249418D30074747A /* ArchConfigurator.swift */,
				8DC1967B24941A1F0074747A /* ArchConfiguratorModel.swift */,
			);
			path = Shared;
			sourceTree = "<group>";
		};
		8DC1967F249555090074747A /* CustomViews */ = {
			isa = PBXGroup;
			children = (
				8DC19680249555460074747A /* RepoListDetailCell.swift */,
			);
			path = CustomViews;
			sourceTree = "<group>";
		};
		8DC1968B2495F30B0074747A /* StarsTopUITests */ = {
			isa = PBXGroup;
			children = (
				8DC196962495F3C30074747A /* SnapshotHelper.swift */,
				8DC1968C2495F30B0074747A /* StarsTopUITests.swift */,
				8DC1968E2495F30B0074747A /* Info.plist */,
			);
			path = StarsTopUITests;
			sourceTree = "<group>";
		};
		C161CD733317025827863A66 /* Pods */ = {
			isa = PBXGroup;
			children = (
				798975D7B3EDE6E819CF31EB /* Pods-StarsTop.develop.xcconfig */,
				5200ACE3358B99B07AE14E94 /* Pods-StarsTop.mock.xcconfig */,
				BD238C365ED582B06B07887E /* Pods-StarsTop.homolog.xcconfig */,
				23C8F79B39F6ADACF1A20DF4 /* Pods-StarsTop.production.xcconfig */,
				EC0116829A7A38C2442D1A53 /* Pods-StarsTopTests.develop.xcconfig */,
				F27C8F65F2B065A7C7A69CB9 /* Pods-StarsTopTests.mock.xcconfig */,
				C85D1AF654006026BCB1E7EC /* Pods-StarsTopTests.homolog.xcconfig */,
				266AD5071DA1848EACE83935 /* Pods-StarsTopTests.production.xcconfig */,
			);
			path = Pods;
			sourceTree = "<group>";
		};
/* End PBXGroup section */

/* Begin PBXNativeTarget section */
		8D894069249118C300D2198E /* StarsTop */ = {
			isa = PBXNativeTarget;
			buildConfigurationList = 8D89407F249118C300D2198E /* Build configuration list for PBXNativeTarget "StarsTop" */;
			buildPhases = (
				03C7B5CD488D7197748B21EC /* [CP] Check Pods Manifest.lock */,
				8D89406B249118C300D2198E /* Sources */,
				8D894079249118C300D2198E /* Frameworks */,
				8D89407B249118C300D2198E /* Resources */,
				BBBAEC442C6B3AF17F7B95DC /* [CP] Embed Pods Frameworks */,
			);
			buildRules = (
			);
			dependencies = (
			);
			name = StarsTop;
			productName = StarsTop;
			productReference = 8D894082249118C300D2198E /* StarsTop.app */;
			productType = "com.apple.product-type.application";
		};
		8DC196352491C63D0074747A /* StarsTopTests */ = {
			isa = PBXNativeTarget;
			buildConfigurationList = 8DC1963D2491C63D0074747A /* Build configuration list for PBXNativeTarget "StarsTopTests" */;
			buildPhases = (
				2D3A15421FB339B59CA0CBC7 /* [CP] Check Pods Manifest.lock */,
				8DC196322491C63D0074747A /* Sources */,
				8DC196332491C63D0074747A /* Frameworks */,
				8DC196342491C63D0074747A /* Resources */,
				36DD50B95BC110D9B7E825A5 /* [CP] Embed Pods Frameworks */,
			);
			buildRules = (
			);
			dependencies = (
				8DC1963C2491C63D0074747A /* PBXTargetDependency */,
			);
			name = StarsTopTests;
			productName = StarsTopTests;
			productReference = 8DC196362491C63D0074747A /* StarsTopTests.xctest */;
			productType = "com.apple.product-type.bundle.unit-test";
		};
		8DC196892495F30B0074747A /* StarsTopUITests */ = {
			isa = PBXNativeTarget;
			buildConfigurationList = 8DC196912495F30B0074747A /* Build configuration list for PBXNativeTarget "StarsTopUITests" */;
			buildPhases = (
				8DC196862495F30B0074747A /* Sources */,
				8DC196872495F30B0074747A /* Frameworks */,
				8DC196882495F30B0074747A /* Resources */,
			);
			buildRules = (
			);
			dependencies = (
				8DC196902495F30B0074747A /* PBXTargetDependency */,
			);
			name = StarsTopUITests;
			productName = StarsTopUITests;
			productReference = 8DC1968A2495F30B0074747A /* StarsTopUITests.xctest */;
			productType = "com.apple.product-type.bundle.ui-testing";
		};
/* End PBXNativeTarget section */

/* Begin PBXProject section */
		8D893FDA248F114F00D2198E /* Project object */ = {
			isa = PBXProject;
			attributes = {
				DefaultBuildSystemTypeForWorkspace = Original;
				LastSwiftUpdateCheck = 1130;
				LastUpgradeCheck = 1130;
				ORGANIZATIONNAME = Test;
				TargetAttributes = {
					8DC196352491C63D0074747A = {
						CreatedOnToolsVersion = 11.3.1;
						TestTargetID = 8D894069249118C300D2198E;
					};
					8DC196892495F30B0074747A = {
						CreatedOnToolsVersion = 11.3.1;
						TestTargetID = 8D894069249118C300D2198E;
					};
				};
			};
			buildConfigurationList = 8D893FDD248F114F00D2198E /* Build configuration list for PBXProject "StarsTop" */;
			compatibilityVersion = "Xcode 9.3";
			developmentRegion = en;
			hasScannedForEncodings = 0;
			knownRegions = (
				en,
				Base,
			);
			mainGroup = 8D893FD9248F114F00D2198E;
			productRefGroup = 8D893FE3248F114F00D2198E /* Products */;
			projectDirPath = "";
			projectRoot = "";
			targets = (
				8D894069249118C300D2198E /* StarsTop */,
				8DC196352491C63D0074747A /* StarsTopTests */,
				8DC196892495F30B0074747A /* StarsTopUITests */,
			);
		};
/* End PBXProject section */

/* Begin PBXResourcesBuildPhase section */
		8D89407B249118C300D2198E /* Resources */ = {
			isa = PBXResourcesBuildPhase;
			buildActionMask = 2147483647;
			files = (
			);
			runOnlyForDeploymentPostprocessing = 0;
		};
		8DC196342491C63D0074747A /* Resources */ = {
			isa = PBXResourcesBuildPhase;
			buildActionMask = 2147483647;
			files = (
			);
			runOnlyForDeploymentPostprocessing = 0;
		};
		8DC196882495F30B0074747A /* Resources */ = {
			isa = PBXResourcesBuildPhase;
			buildActionMask = 2147483647;
			files = (
			);
			runOnlyForDeploymentPostprocessing = 0;
		};
/* End PBXResourcesBuildPhase section */

/* Begin PBXShellScriptBuildPhase section */
		03C7B5CD488D7197748B21EC /* [CP] Check Pods Manifest.lock */ = {
			isa = PBXShellScriptBuildPhase;
			buildActionMask = 2147483647;
			files = (
			);
			inputFileListPaths = (
			);
			inputPaths = (
				"${PODS_PODFILE_DIR_PATH}/Podfile.lock",
				"${PODS_ROOT}/Manifest.lock",
			);
			name = "[CP] Check Pods Manifest.lock";
			outputFileListPaths = (
			);
			outputPaths = (
				"$(DERIVED_FILE_DIR)/Pods-StarsTop-checkManifestLockResult.txt",
			);
			runOnlyForDeploymentPostprocessing = 0;
			shellPath = /bin/sh;
			shellScript = "diff \"${PODS_PODFILE_DIR_PATH}/Podfile.lock\" \"${PODS_ROOT}/Manifest.lock\" > /dev/null\nif [ $? != 0 ] ; then\n    # print error to STDERR\n    echo \"error: The sandbox is not in sync with the Podfile.lock. Run 'pod install' or update your CocoaPods installation.\" >&2\n    exit 1\nfi\n# This output is used by Xcode 'outputs' to avoid re-running this script phase.\necho \"SUCCESS\" > \"${SCRIPT_OUTPUT_FILE_0}\"\n";
			showEnvVarsInLog = 0;
		};
		2D3A15421FB339B59CA0CBC7 /* [CP] Check Pods Manifest.lock */ = {
			isa = PBXShellScriptBuildPhase;
			buildActionMask = 2147483647;
			files = (
			);
			inputFileListPaths = (
			);
			inputPaths = (
				"${PODS_PODFILE_DIR_PATH}/Podfile.lock",
				"${PODS_ROOT}/Manifest.lock",
			);
			name = "[CP] Check Pods Manifest.lock";
			outputFileListPaths = (
			);
			outputPaths = (
				"$(DERIVED_FILE_DIR)/Pods-StarsTopTests-checkManifestLockResult.txt",
			);
			runOnlyForDeploymentPostprocessing = 0;
			shellPath = /bin/sh;
			shellScript = "diff \"${PODS_PODFILE_DIR_PATH}/Podfile.lock\" \"${PODS_ROOT}/Manifest.lock\" > /dev/null\nif [ $? != 0 ] ; then\n    # print error to STDERR\n    echo \"error: The sandbox is not in sync with the Podfile.lock. Run 'pod install' or update your CocoaPods installation.\" >&2\n    exit 1\nfi\n# This output is used by Xcode 'outputs' to avoid re-running this script phase.\necho \"SUCCESS\" > \"${SCRIPT_OUTPUT_FILE_0}\"\n";
			showEnvVarsInLog = 0;
		};
		36DD50B95BC110D9B7E825A5 /* [CP] Embed Pods Frameworks */ = {
			isa = PBXShellScriptBuildPhase;
			buildActionMask = 2147483647;
			files = (
			);
			inputFileListPaths = (
				"${PODS_ROOT}/Target Support Files/Pods-StarsTopTests/Pods-StarsTopTests-frameworks-${CONFIGURATION}-input-files.xcfilelist",
			);
			name = "[CP] Embed Pods Frameworks";
			outputFileListPaths = (
				"${PODS_ROOT}/Target Support Files/Pods-StarsTopTests/Pods-StarsTopTests-frameworks-${CONFIGURATION}-output-files.xcfilelist",
			);
			runOnlyForDeploymentPostprocessing = 0;
			shellPath = /bin/sh;
			shellScript = "\"${PODS_ROOT}/Target Support Files/Pods-StarsTopTests/Pods-StarsTopTests-frameworks.sh\"\n";
			showEnvVarsInLog = 0;
		};
		BBBAEC442C6B3AF17F7B95DC /* [CP] Embed Pods Frameworks */ = {
			isa = PBXShellScriptBuildPhase;
			buildActionMask = 2147483647;
			files = (
			);
			inputFileListPaths = (
				"${PODS_ROOT}/Target Support Files/Pods-StarsTop/Pods-StarsTop-frameworks-${CONFIGURATION}-input-files.xcfilelist",
			);
			name = "[CP] Embed Pods Frameworks";
			outputFileListPaths = (
				"${PODS_ROOT}/Target Support Files/Pods-StarsTop/Pods-StarsTop-frameworks-${CONFIGURATION}-output-files.xcfilelist",
			);
			runOnlyForDeploymentPostprocessing = 0;
			shellPath = /bin/sh;
			shellScript = "\"${PODS_ROOT}/Target Support Files/Pods-StarsTop/Pods-StarsTop-frameworks.sh\"\n";
			showEnvVarsInLog = 0;
		};
/* End PBXShellScriptBuildPhase section */

/* Begin PBXSourcesBuildPhase section */
		8D89406B249118C300D2198E /* Sources */ = {
			isa = PBXSourcesBuildPhase;
			buildActionMask = 2147483647;
			files = (
				8DC196772493CE670074747A /* RequestManager.swift in Sources */,
				8D89406C249118C300D2198E /* RepoListInteractor.swift in Sources */,
				8D89406E249118C300D2198E /* RepoListViewController.swift in Sources */,
				8D89406F249118C300D2198E /* RepoListModels.swift in Sources */,
				8DC19681249555460074747A /* RepoListDetailCell.swift in Sources */,
				8D894070249118C300D2198E /* RepoListConfigurator.swift in Sources */,
				8D894071249118C300D2198E /* WindowFactory.swift in Sources */,
				8D894072249118C300D2198E /* RepoListRouter.swift in Sources */,
				8D894073249118C300D2198E /* AlamofireApiRequest.swift in Sources */,
				8DC1967A249418D30074747A /* ArchConfigurator.swift in Sources */,
				8D894074249118C300D2198E /* RepoListPresenter.swift in Sources */,
				8DC19674249331950074747A /* Environment.swift in Sources */,
				8D894075249118C300D2198E /* main.swift in Sources */,
				8D894076249118C300D2198E /* AppDelegate.swift in Sources */,
				8DC19672249327070074747A /* MockRequest.swift in Sources */,
				8D894077249118C300D2198E /* RepoListView.swift in Sources */,
				8D894078249118C300D2198E /* RepoListWorker.swift in Sources */,
				8DC1967E24941B3C0074747A /* ArchConfiguratorFactory.swift in Sources */,
				8DC1967C24941A1F0074747A /* ArchConfiguratorModel.swift in Sources */,
				8DC19670249326D60074747A /* RequestProtocol.swift in Sources */,
			);
			runOnlyForDeploymentPostprocessing = 0;
		};
		8DC196322491C63D0074747A /* Sources */ = {
			isa = PBXSourcesBuildPhase;
			buildActionMask = 2147483647;
			files = (
				8DC196452491CCC50074747A /* WindowFactory.swift in Sources */,
				8DC196392491C63D0074747A /* StarsTopTests.swift in Sources */,
				8DC1964E2492F0F20074747A /* ApiTests.swift in Sources */,
				8DC196472491CD0A0074747A /* TestAppDelegate.swift in Sources */,
			);
			runOnlyForDeploymentPostprocessing = 0;
		};
		8DC196862495F30B0074747A /* Sources */ = {
			isa = PBXSourcesBuildPhase;
			buildActionMask = 2147483647;
			files = (
				8DC1968D2495F30B0074747A /* StarsTopUITests.swift in Sources */,
				8DC196972495F3C30074747A /* SnapshotHelper.swift in Sources */,
			);
			runOnlyForDeploymentPostprocessing = 0;
		};
/* End PBXSourcesBuildPhase section */

/* Begin PBXTargetDependency section */
		8DC1963C2491C63D0074747A /* PBXTargetDependency */ = {
			isa = PBXTargetDependency;
			target = 8D894069249118C300D2198E /* StarsTop */;
			targetProxy = 8DC1963B2491C63D0074747A /* PBXContainerItemProxy */;
		};
		8DC196902495F30B0074747A /* PBXTargetDependency */ = {
			isa = PBXTargetDependency;
			target = 8D894069249118C300D2198E /* StarsTop */;
			targetProxy = 8DC1968F2495F30B0074747A /* PBXContainerItemProxy */;
		};
/* End PBXTargetDependency section */

/* Begin XCBuildConfiguration section */
		8D636AA324919E920030FF33 /* mock */ = {
			isa = XCBuildConfiguration;
			buildSettings = {
				ALWAYS_SEARCH_USER_PATHS = NO;
				CLANG_ANALYZER_NONNULL = YES;
				CLANG_ANALYZER_NUMBER_OBJECT_CONVERSION = YES_AGGRESSIVE;
				CLANG_CXX_LANGUAGE_STANDARD = "gnu++14";
				CLANG_CXX_LIBRARY = "libc++";
				CLANG_ENABLE_MODULES = YES;
				CLANG_ENABLE_OBJC_ARC = YES;
				CLANG_ENABLE_OBJC_WEAK = YES;
				CLANG_WARN_BLOCK_CAPTURE_AUTORELEASING = YES;
				CLANG_WARN_BOOL_CONVERSION = YES;
				CLANG_WARN_COMMA = YES;
				CLANG_WARN_CONSTANT_CONVERSION = YES;
				CLANG_WARN_DEPRECATED_OBJC_IMPLEMENTATIONS = YES;
				CLANG_WARN_DIRECT_OBJC_ISA_USAGE = YES_ERROR;
				CLANG_WARN_DOCUMENTATION_COMMENTS = YES;
				CLANG_WARN_EMPTY_BODY = YES;
				CLANG_WARN_ENUM_CONVERSION = YES;
				CLANG_WARN_INFINITE_RECURSION = YES;
				CLANG_WARN_INT_CONVERSION = YES;
				CLANG_WARN_NON_LITERAL_NULL_CONVERSION = YES;
				CLANG_WARN_OBJC_IMPLICIT_RETAIN_SELF = YES;
				CLANG_WARN_OBJC_LITERAL_CONVERSION = YES;
				CLANG_WARN_OBJC_ROOT_CLASS = YES_ERROR;
				CLANG_WARN_RANGE_LOOP_ANALYSIS = YES;
				CLANG_WARN_STRICT_PROTOTYPES = YES;
				CLANG_WARN_SUSPICIOUS_MOVE = YES;
				CLANG_WARN_UNGUARDED_AVAILABILITY = YES_AGGRESSIVE;
				CLANG_WARN_UNREACHABLE_CODE = YES;
				CLANG_WARN__DUPLICATE_METHOD_MATCH = YES;
				COPY_PHASE_STRIP = NO;
				DEBUG_INFORMATION_FORMAT = dwarf;
				ENABLE_STRICT_OBJC_MSGSEND = YES;
				ENABLE_TESTABILITY = YES;
				GCC_C_LANGUAGE_STANDARD = gnu11;
				GCC_DYNAMIC_NO_PIC = NO;
				GCC_NO_COMMON_BLOCKS = YES;
				GCC_OPTIMIZATION_LEVEL = 0;
				GCC_PREPROCESSOR_DEFINITIONS = (
					"DEBUG=1",
					"$(inherited)",
				);
				GCC_WARN_64_TO_32_BIT_CONVERSION = YES;
				GCC_WARN_ABOUT_RETURN_TYPE = YES_ERROR;
				GCC_WARN_UNDECLARED_SELECTOR = YES;
				GCC_WARN_UNINITIALIZED_AUTOS = YES_AGGRESSIVE;
				GCC_WARN_UNUSED_FUNCTION = YES;
				GCC_WARN_UNUSED_VARIABLE = YES;
				INFOPLIST_FILE = StarsTop/Resources/Info.plist;
				IPHONEOS_DEPLOYMENT_TARGET = 13.2;
				MTL_ENABLE_DEBUG_INFO = INCLUDE_SOURCE;
				MTL_FAST_MATH = YES;
				ONLY_ACTIVE_ARCH = YES;
				SDKROOT = iphoneos;
				SWIFT_ACTIVE_COMPILATION_CONDITIONS = DEBUG;
				SWIFT_OPTIMIZATION_LEVEL = "-Onone";
			};
			name = mock;
		};
		8D636AA424919E920030FF33 /* mock */ = {
			isa = XCBuildConfiguration;
			baseConfigurationReference = 5200ACE3358B99B07AE14E94 /* Pods-StarsTop.mock.xcconfig */;
			buildSettings = {
				ASSETCATALOG_COMPILER_APPICON_NAME = AppIcon;
				CODE_SIGN_STYLE = Automatic;
				DEVELOPMENT_TEAM = 9BW3JGZF6Z;
				ENDPOINT = "https://api.github.com/mock";
				INFOPLIST_FILE = "$(SRCROOT)/StarsTop/Resources/Info.plist";
				LD_RUNPATH_SEARCH_PATHS = (
					"$(inherited)",
					"@executable_path/Frameworks",
				);
				PRODUCT_BUNDLE_IDENTIFIER = com.starscompany.StarsTop;
				PRODUCT_NAME = "$(TARGET_NAME)";
				SWIFT_ACTIVE_COMPILATION_CONDITIONS = "DEBUG MOCK";
				SWIFT_VERSION = 5.0;
				TARGETED_DEVICE_FAMILY = "1,2";
			};
			name = mock;
		};
		8D636AA624919E9D0030FF33 /* production */ = {
			isa = XCBuildConfiguration;
			buildSettings = {
				ALWAYS_SEARCH_USER_PATHS = NO;
				CLANG_ANALYZER_NONNULL = YES;
				CLANG_ANALYZER_NUMBER_OBJECT_CONVERSION = YES_AGGRESSIVE;
				CLANG_CXX_LANGUAGE_STANDARD = "gnu++14";
				CLANG_CXX_LIBRARY = "libc++";
				CLANG_ENABLE_MODULES = YES;
				CLANG_ENABLE_OBJC_ARC = YES;
				CLANG_ENABLE_OBJC_WEAK = YES;
				CLANG_WARN_BLOCK_CAPTURE_AUTORELEASING = YES;
				CLANG_WARN_BOOL_CONVERSION = YES;
				CLANG_WARN_COMMA = YES;
				CLANG_WARN_CONSTANT_CONVERSION = YES;
				CLANG_WARN_DEPRECATED_OBJC_IMPLEMENTATIONS = YES;
				CLANG_WARN_DIRECT_OBJC_ISA_USAGE = YES_ERROR;
				CLANG_WARN_DOCUMENTATION_COMMENTS = YES;
				CLANG_WARN_EMPTY_BODY = YES;
				CLANG_WARN_ENUM_CONVERSION = YES;
				CLANG_WARN_INFINITE_RECURSION = YES;
				CLANG_WARN_INT_CONVERSION = YES;
				CLANG_WARN_NON_LITERAL_NULL_CONVERSION = YES;
				CLANG_WARN_OBJC_IMPLICIT_RETAIN_SELF = YES;
				CLANG_WARN_OBJC_LITERAL_CONVERSION = YES;
				CLANG_WARN_OBJC_ROOT_CLASS = YES_ERROR;
				CLANG_WARN_RANGE_LOOP_ANALYSIS = YES;
				CLANG_WARN_STRICT_PROTOTYPES = YES;
				CLANG_WARN_SUSPICIOUS_MOVE = YES;
				CLANG_WARN_UNGUARDED_AVAILABILITY = YES_AGGRESSIVE;
				CLANG_WARN_UNREACHABLE_CODE = YES;
				CLANG_WARN__DUPLICATE_METHOD_MATCH = YES;
				COPY_PHASE_STRIP = NO;
				DEBUG_INFORMATION_FORMAT = "dwarf-with-dsym";
				ENABLE_NS_ASSERTIONS = NO;
				ENABLE_STRICT_OBJC_MSGSEND = YES;
				GCC_C_LANGUAGE_STANDARD = gnu11;
				GCC_NO_COMMON_BLOCKS = YES;
				GCC_WARN_64_TO_32_BIT_CONVERSION = YES;
				GCC_WARN_ABOUT_RETURN_TYPE = YES_ERROR;
				GCC_WARN_UNDECLARED_SELECTOR = YES;
				GCC_WARN_UNINITIALIZED_AUTOS = YES_AGGRESSIVE;
				GCC_WARN_UNUSED_FUNCTION = YES;
				GCC_WARN_UNUSED_VARIABLE = YES;
				INFOPLIST_FILE = StarsTop/Resources/Info.plist;
				IPHONEOS_DEPLOYMENT_TARGET = 13.2;
				MTL_ENABLE_DEBUG_INFO = NO;
				MTL_FAST_MATH = YES;
				SDKROOT = iphoneos;
				SWIFT_COMPILATION_MODE = wholemodule;
				SWIFT_OPTIMIZATION_LEVEL = "-O";
				VALIDATE_PRODUCT = YES;
			};
			name = production;
		};
		8D636AA724919E9D0030FF33 /* production */ = {
			isa = XCBuildConfiguration;
			baseConfigurationReference = 23C8F79B39F6ADACF1A20DF4 /* Pods-StarsTop.production.xcconfig */;
			buildSettings = {
				ASSETCATALOG_COMPILER_APPICON_NAME = AppIcon;
				CODE_SIGN_STYLE = Automatic;
				DEVELOPMENT_TEAM = 9BW3JGZF6Z;
				ENDPOINT = "https://api.github.com/prod/";
				INFOPLIST_FILE = "$(SRCROOT)/StarsTop/Resources/Info.plist";
				LD_RUNPATH_SEARCH_PATHS = (
					"$(inherited)",
					"@executable_path/Frameworks",
				);
				PRODUCT_BUNDLE_IDENTIFIER = com.starscompany.StarsTop;
				PRODUCT_NAME = "$(TARGET_NAME)";
				SWIFT_ACTIVE_COMPILATION_CONDITIONS = PROD;
				SWIFT_VERSION = 5.0;
				TARGETED_DEVICE_FAMILY = "1,2";
			};
			name = production;
		};
		8D893FFF248F115200D2198E /* develop */ = {
			isa = XCBuildConfiguration;
			buildSettings = {
				ALWAYS_SEARCH_USER_PATHS = NO;
				CLANG_ANALYZER_NONNULL = YES;
				CLANG_ANALYZER_NUMBER_OBJECT_CONVERSION = YES_AGGRESSIVE;
				CLANG_CXX_LANGUAGE_STANDARD = "gnu++14";
				CLANG_CXX_LIBRARY = "libc++";
				CLANG_ENABLE_MODULES = YES;
				CLANG_ENABLE_OBJC_ARC = YES;
				CLANG_ENABLE_OBJC_WEAK = YES;
				CLANG_WARN_BLOCK_CAPTURE_AUTORELEASING = YES;
				CLANG_WARN_BOOL_CONVERSION = YES;
				CLANG_WARN_COMMA = YES;
				CLANG_WARN_CONSTANT_CONVERSION = YES;
				CLANG_WARN_DEPRECATED_OBJC_IMPLEMENTATIONS = YES;
				CLANG_WARN_DIRECT_OBJC_ISA_USAGE = YES_ERROR;
				CLANG_WARN_DOCUMENTATION_COMMENTS = YES;
				CLANG_WARN_EMPTY_BODY = YES;
				CLANG_WARN_ENUM_CONVERSION = YES;
				CLANG_WARN_INFINITE_RECURSION = YES;
				CLANG_WARN_INT_CONVERSION = YES;
				CLANG_WARN_NON_LITERAL_NULL_CONVERSION = YES;
				CLANG_WARN_OBJC_IMPLICIT_RETAIN_SELF = YES;
				CLANG_WARN_OBJC_LITERAL_CONVERSION = YES;
				CLANG_WARN_OBJC_ROOT_CLASS = YES_ERROR;
				CLANG_WARN_RANGE_LOOP_ANALYSIS = YES;
				CLANG_WARN_STRICT_PROTOTYPES = YES;
				CLANG_WARN_SUSPICIOUS_MOVE = YES;
				CLANG_WARN_UNGUARDED_AVAILABILITY = YES_AGGRESSIVE;
				CLANG_WARN_UNREACHABLE_CODE = YES;
				CLANG_WARN__DUPLICATE_METHOD_MATCH = YES;
				COPY_PHASE_STRIP = NO;
				DEBUG_INFORMATION_FORMAT = dwarf;
				ENABLE_STRICT_OBJC_MSGSEND = YES;
				ENABLE_TESTABILITY = YES;
				GCC_C_LANGUAGE_STANDARD = gnu11;
				GCC_DYNAMIC_NO_PIC = NO;
				GCC_NO_COMMON_BLOCKS = YES;
				GCC_OPTIMIZATION_LEVEL = 0;
				GCC_PREPROCESSOR_DEFINITIONS = (
					"DEBUG=1",
					"$(inherited)",
				);
				GCC_WARN_64_TO_32_BIT_CONVERSION = YES;
				GCC_WARN_ABOUT_RETURN_TYPE = YES_ERROR;
				GCC_WARN_UNDECLARED_SELECTOR = YES;
				GCC_WARN_UNINITIALIZED_AUTOS = YES_AGGRESSIVE;
				GCC_WARN_UNUSED_FUNCTION = YES;
				GCC_WARN_UNUSED_VARIABLE = YES;
				INFOPLIST_FILE = StarsTop/Resources/Info.plist;
				IPHONEOS_DEPLOYMENT_TARGET = 13.2;
				MTL_ENABLE_DEBUG_INFO = INCLUDE_SOURCE;
				MTL_FAST_MATH = YES;
				ONLY_ACTIVE_ARCH = YES;
				SDKROOT = iphoneos;
				SWIFT_ACTIVE_COMPILATION_CONDITIONS = DEBUG;
				SWIFT_OPTIMIZATION_LEVEL = "-Onone";
			};
			name = develop;
		};
		8D894000248F115200D2198E /* homolog */ = {
			isa = XCBuildConfiguration;
			buildSettings = {
				ALWAYS_SEARCH_USER_PATHS = NO;
				CLANG_ANALYZER_NONNULL = YES;
				CLANG_ANALYZER_NUMBER_OBJECT_CONVERSION = YES_AGGRESSIVE;
				CLANG_CXX_LANGUAGE_STANDARD = "gnu++14";
				CLANG_CXX_LIBRARY = "libc++";
				CLANG_ENABLE_MODULES = YES;
				CLANG_ENABLE_OBJC_ARC = YES;
				CLANG_ENABLE_OBJC_WEAK = YES;
				CLANG_WARN_BLOCK_CAPTURE_AUTORELEASING = YES;
				CLANG_WARN_BOOL_CONVERSION = YES;
				CLANG_WARN_COMMA = YES;
				CLANG_WARN_CONSTANT_CONVERSION = YES;
				CLANG_WARN_DEPRECATED_OBJC_IMPLEMENTATIONS = YES;
				CLANG_WARN_DIRECT_OBJC_ISA_USAGE = YES_ERROR;
				CLANG_WARN_DOCUMENTATION_COMMENTS = YES;
				CLANG_WARN_EMPTY_BODY = YES;
				CLANG_WARN_ENUM_CONVERSION = YES;
				CLANG_WARN_INFINITE_RECURSION = YES;
				CLANG_WARN_INT_CONVERSION = YES;
				CLANG_WARN_NON_LITERAL_NULL_CONVERSION = YES;
				CLANG_WARN_OBJC_IMPLICIT_RETAIN_SELF = YES;
				CLANG_WARN_OBJC_LITERAL_CONVERSION = YES;
				CLANG_WARN_OBJC_ROOT_CLASS = YES_ERROR;
				CLANG_WARN_RANGE_LOOP_ANALYSIS = YES;
				CLANG_WARN_STRICT_PROTOTYPES = YES;
				CLANG_WARN_SUSPICIOUS_MOVE = YES;
				CLANG_WARN_UNGUARDED_AVAILABILITY = YES_AGGRESSIVE;
				CLANG_WARN_UNREACHABLE_CODE = YES;
				CLANG_WARN__DUPLICATE_METHOD_MATCH = YES;
				COPY_PHASE_STRIP = NO;
				DEBUG_INFORMATION_FORMAT = "dwarf-with-dsym";
				ENABLE_NS_ASSERTIONS = NO;
				ENABLE_STRICT_OBJC_MSGSEND = YES;
				GCC_C_LANGUAGE_STANDARD = gnu11;
				GCC_NO_COMMON_BLOCKS = YES;
				GCC_WARN_64_TO_32_BIT_CONVERSION = YES;
				GCC_WARN_ABOUT_RETURN_TYPE = YES_ERROR;
				GCC_WARN_UNDECLARED_SELECTOR = YES;
				GCC_WARN_UNINITIALIZED_AUTOS = YES_AGGRESSIVE;
				GCC_WARN_UNUSED_FUNCTION = YES;
				GCC_WARN_UNUSED_VARIABLE = YES;
				INFOPLIST_FILE = StarsTop/Resources/Info.plist;
				IPHONEOS_DEPLOYMENT_TARGET = 13.2;
				MTL_ENABLE_DEBUG_INFO = NO;
				MTL_FAST_MATH = YES;
				SDKROOT = iphoneos;
				SWIFT_COMPILATION_MODE = wholemodule;
				SWIFT_OPTIMIZATION_LEVEL = "-O";
				VALIDATE_PRODUCT = YES;
			};
			name = homolog;
		};
		8D894080249118C300D2198E /* develop */ = {
			isa = XCBuildConfiguration;
			baseConfigurationReference = 798975D7B3EDE6E819CF31EB /* Pods-StarsTop.develop.xcconfig */;
			buildSettings = {
				ASSETCATALOG_COMPILER_APPICON_NAME = AppIcon;
				CODE_SIGN_STYLE = Automatic;
				DEVELOPMENT_TEAM = 9BW3JGZF6Z;
				ENDPOINT = "https://api.github.com/";
				INFOPLIST_FILE = "$(SRCROOT)/StarsTop/Resources/Info.plist";
				LD_RUNPATH_SEARCH_PATHS = (
					"$(inherited)",
					"@executable_path/Frameworks",
				);
				PRODUCT_BUNDLE_IDENTIFIER = com.starscompany.StarsTop;
				PRODUCT_NAME = "$(TARGET_NAME)";
				SWIFT_ACTIVE_COMPILATION_CONDITIONS = "DEBUG DEV";
				SWIFT_VERSION = 5.0;
				TARGETED_DEVICE_FAMILY = "1,2";
			};
			name = develop;
		};
		8D894081249118C300D2198E /* homolog */ = {
			isa = XCBuildConfiguration;
			baseConfigurationReference = BD238C365ED582B06B07887E /* Pods-StarsTop.homolog.xcconfig */;
			buildSettings = {
				ASSETCATALOG_COMPILER_APPICON_NAME = AppIcon;
				CODE_SIGN_STYLE = Automatic;
				DEVELOPMENT_TEAM = 9BW3JGZF6Z;
				ENDPOINT = "https://api.github.com/homolog";
				INFOPLIST_FILE = "$(SRCROOT)/StarsTop/Resources/Info.plist";
				LD_RUNPATH_SEARCH_PATHS = (
					"$(inherited)",
					"@executable_path/Frameworks",
				);
				PRODUCT_BUNDLE_IDENTIFIER = com.starscompany.StarsTop;
				PRODUCT_NAME = "$(TARGET_NAME)";
				SWIFT_ACTIVE_COMPILATION_CONDITIONS = HML;
				SWIFT_VERSION = 5.0;
				TARGETED_DEVICE_FAMILY = "1,2";
			};
			name = homolog;
		};
		8DC1963E2491C63D0074747A /* develop */ = {
			isa = XCBuildConfiguration;
			baseConfigurationReference = EC0116829A7A38C2442D1A53 /* Pods-StarsTopTests.develop.xcconfig */;
			buildSettings = {
				ALWAYS_SEARCH_USER_PATHS = NO;
				BUNDLE_LOADER = "$(TEST_HOST)";
				CLANG_ANALYZER_NONNULL = YES;
				CLANG_ANALYZER_NUMBER_OBJECT_CONVERSION = YES_AGGRESSIVE;
				CLANG_CXX_LANGUAGE_STANDARD = "gnu++14";
				CLANG_CXX_LIBRARY = "libc++";
				CLANG_ENABLE_MODULES = YES;
				CLANG_ENABLE_OBJC_ARC = YES;
				CLANG_ENABLE_OBJC_WEAK = YES;
				CLANG_WARN_BLOCK_CAPTURE_AUTORELEASING = YES;
				CLANG_WARN_BOOL_CONVERSION = YES;
				CLANG_WARN_COMMA = YES;
				CLANG_WARN_CONSTANT_CONVERSION = YES;
				CLANG_WARN_DEPRECATED_OBJC_IMPLEMENTATIONS = YES;
				CLANG_WARN_DIRECT_OBJC_ISA_USAGE = YES_ERROR;
				CLANG_WARN_DOCUMENTATION_COMMENTS = YES;
				CLANG_WARN_EMPTY_BODY = YES;
				CLANG_WARN_ENUM_CONVERSION = YES;
				CLANG_WARN_INFINITE_RECURSION = YES;
				CLANG_WARN_INT_CONVERSION = YES;
				CLANG_WARN_NON_LITERAL_NULL_CONVERSION = YES;
				CLANG_WARN_OBJC_IMPLICIT_RETAIN_SELF = YES;
				CLANG_WARN_OBJC_LITERAL_CONVERSION = YES;
				CLANG_WARN_OBJC_ROOT_CLASS = YES_ERROR;
				CLANG_WARN_RANGE_LOOP_ANALYSIS = YES;
				CLANG_WARN_STRICT_PROTOTYPES = YES;
				CLANG_WARN_SUSPICIOUS_MOVE = YES;
				CLANG_WARN_UNGUARDED_AVAILABILITY = YES_AGGRESSIVE;
				CLANG_WARN_UNREACHABLE_CODE = YES;
				CLANG_WARN__DUPLICATE_METHOD_MATCH = YES;
				CODE_SIGN_STYLE = Automatic;
				COPY_PHASE_STRIP = NO;
				DEBUG_INFORMATION_FORMAT = dwarf;
				DEVELOPMENT_TEAM = 9BW3JGZF6Z;
				ENABLE_STRICT_OBJC_MSGSEND = YES;
				ENABLE_TESTABILITY = YES;
				GCC_C_LANGUAGE_STANDARD = gnu11;
				GCC_DYNAMIC_NO_PIC = NO;
				GCC_NO_COMMON_BLOCKS = YES;
				GCC_OPTIMIZATION_LEVEL = 0;
				GCC_PREPROCESSOR_DEFINITIONS = (
					"DEBUG=1",
					"$(inherited)",
				);
				GCC_WARN_64_TO_32_BIT_CONVERSION = YES;
				GCC_WARN_ABOUT_RETURN_TYPE = YES_ERROR;
				GCC_WARN_UNDECLARED_SELECTOR = YES;
				GCC_WARN_UNINITIALIZED_AUTOS = YES_AGGRESSIVE;
				GCC_WARN_UNUSED_FUNCTION = YES;
				GCC_WARN_UNUSED_VARIABLE = YES;
				INFOPLIST_FILE = StarsTopTests/Resources/Info.plist;
				IPHONEOS_DEPLOYMENT_TARGET = 13.2;
				LD_RUNPATH_SEARCH_PATHS = (
					"$(inherited)",
					"@executable_path/Frameworks",
					"@loader_path/Frameworks",
				);
				MTL_ENABLE_DEBUG_INFO = INCLUDE_SOURCE;
				MTL_FAST_MATH = YES;
				ONLY_ACTIVE_ARCH = YES;
				PRODUCT_BUNDLE_IDENTIFIER = com.starscompany.StarsTopTests;
				PRODUCT_NAME = "$(TARGET_NAME)";
				SDKROOT = iphoneos;
				SWIFT_ACTIVE_COMPILATION_CONDITIONS = DEBUG;
				SWIFT_OPTIMIZATION_LEVEL = "-Onone";
				SWIFT_VERSION = 5.0;
				TARGETED_DEVICE_FAMILY = "1,2";
				TEST_HOST = "$(BUILT_PRODUCTS_DIR)/StarsTop.app/StarsTop";
			};
			name = develop;
		};
		8DC1963F2491C63D0074747A /* mock */ = {
			isa = XCBuildConfiguration;
			baseConfigurationReference = F27C8F65F2B065A7C7A69CB9 /* Pods-StarsTopTests.mock.xcconfig */;
			buildSettings = {
				ALWAYS_SEARCH_USER_PATHS = NO;
				BUNDLE_LOADER = "$(TEST_HOST)";
				CLANG_ANALYZER_NONNULL = YES;
				CLANG_ANALYZER_NUMBER_OBJECT_CONVERSION = YES_AGGRESSIVE;
				CLANG_CXX_LANGUAGE_STANDARD = "gnu++14";
				CLANG_CXX_LIBRARY = "libc++";
				CLANG_ENABLE_MODULES = YES;
				CLANG_ENABLE_OBJC_ARC = YES;
				CLANG_ENABLE_OBJC_WEAK = YES;
				CLANG_WARN_BLOCK_CAPTURE_AUTORELEASING = YES;
				CLANG_WARN_BOOL_CONVERSION = YES;
				CLANG_WARN_COMMA = YES;
				CLANG_WARN_CONSTANT_CONVERSION = YES;
				CLANG_WARN_DEPRECATED_OBJC_IMPLEMENTATIONS = YES;
				CLANG_WARN_DIRECT_OBJC_ISA_USAGE = YES_ERROR;
				CLANG_WARN_DOCUMENTATION_COMMENTS = YES;
				CLANG_WARN_EMPTY_BODY = YES;
				CLANG_WARN_ENUM_CONVERSION = YES;
				CLANG_WARN_INFINITE_RECURSION = YES;
				CLANG_WARN_INT_CONVERSION = YES;
				CLANG_WARN_NON_LITERAL_NULL_CONVERSION = YES;
				CLANG_WARN_OBJC_IMPLICIT_RETAIN_SELF = YES;
				CLANG_WARN_OBJC_LITERAL_CONVERSION = YES;
				CLANG_WARN_OBJC_ROOT_CLASS = YES_ERROR;
				CLANG_WARN_RANGE_LOOP_ANALYSIS = YES;
				CLANG_WARN_STRICT_PROTOTYPES = YES;
				CLANG_WARN_SUSPICIOUS_MOVE = YES;
				CLANG_WARN_UNGUARDED_AVAILABILITY = YES_AGGRESSIVE;
				CLANG_WARN_UNREACHABLE_CODE = YES;
				CLANG_WARN__DUPLICATE_METHOD_MATCH = YES;
				CODE_SIGN_STYLE = Automatic;
				COPY_PHASE_STRIP = NO;
				DEBUG_INFORMATION_FORMAT = "dwarf-with-dsym";
				DEVELOPMENT_TEAM = 9BW3JGZF6Z;
				ENABLE_NS_ASSERTIONS = NO;
				ENABLE_STRICT_OBJC_MSGSEND = YES;
				GCC_C_LANGUAGE_STANDARD = gnu11;
				GCC_NO_COMMON_BLOCKS = YES;
				GCC_WARN_64_TO_32_BIT_CONVERSION = YES;
				GCC_WARN_ABOUT_RETURN_TYPE = YES_ERROR;
				GCC_WARN_UNDECLARED_SELECTOR = YES;
				GCC_WARN_UNINITIALIZED_AUTOS = YES_AGGRESSIVE;
				GCC_WARN_UNUSED_FUNCTION = YES;
				GCC_WARN_UNUSED_VARIABLE = YES;
				INFOPLIST_FILE = StarsTopTests/Resources/Info.plist;
				IPHONEOS_DEPLOYMENT_TARGET = 13.2;
				LD_RUNPATH_SEARCH_PATHS = (
					"$(inherited)",
					"@executable_path/Frameworks",
					"@loader_path/Frameworks",
				);
				MTL_ENABLE_DEBUG_INFO = NO;
				MTL_FAST_MATH = YES;
				PRODUCT_BUNDLE_IDENTIFIER = com.starscompany.StarsTopTests;
				PRODUCT_NAME = "$(TARGET_NAME)";
				SDKROOT = iphoneos;
				SWIFT_COMPILATION_MODE = wholemodule;
				SWIFT_OPTIMIZATION_LEVEL = "-O";
				SWIFT_VERSION = 5.0;
				TARGETED_DEVICE_FAMILY = "1,2";
				TEST_HOST = "$(BUILT_PRODUCTS_DIR)/StarsTop.app/StarsTop";
				VALIDATE_PRODUCT = YES;
			};
			name = mock;
		};
		8DC196402491C63D0074747A /* homolog */ = {
			isa = XCBuildConfiguration;
			baseConfigurationReference = C85D1AF654006026BCB1E7EC /* Pods-StarsTopTests.homolog.xcconfig */;
			buildSettings = {
				ALWAYS_SEARCH_USER_PATHS = NO;
				BUNDLE_LOADER = "$(TEST_HOST)";
				CLANG_ANALYZER_NONNULL = YES;
				CLANG_ANALYZER_NUMBER_OBJECT_CONVERSION = YES_AGGRESSIVE;
				CLANG_CXX_LANGUAGE_STANDARD = "gnu++14";
				CLANG_CXX_LIBRARY = "libc++";
				CLANG_ENABLE_MODULES = YES;
				CLANG_ENABLE_OBJC_ARC = YES;
				CLANG_ENABLE_OBJC_WEAK = YES;
				CLANG_WARN_BLOCK_CAPTURE_AUTORELEASING = YES;
				CLANG_WARN_BOOL_CONVERSION = YES;
				CLANG_WARN_COMMA = YES;
				CLANG_WARN_CONSTANT_CONVERSION = YES;
				CLANG_WARN_DEPRECATED_OBJC_IMPLEMENTATIONS = YES;
				CLANG_WARN_DIRECT_OBJC_ISA_USAGE = YES_ERROR;
				CLANG_WARN_DOCUMENTATION_COMMENTS = YES;
				CLANG_WARN_EMPTY_BODY = YES;
				CLANG_WARN_ENUM_CONVERSION = YES;
				CLANG_WARN_INFINITE_RECURSION = YES;
				CLANG_WARN_INT_CONVERSION = YES;
				CLANG_WARN_NON_LITERAL_NULL_CONVERSION = YES;
				CLANG_WARN_OBJC_IMPLICIT_RETAIN_SELF = YES;
				CLANG_WARN_OBJC_LITERAL_CONVERSION = YES;
				CLANG_WARN_OBJC_ROOT_CLASS = YES_ERROR;
				CLANG_WARN_RANGE_LOOP_ANALYSIS = YES;
				CLANG_WARN_STRICT_PROTOTYPES = YES;
				CLANG_WARN_SUSPICIOUS_MOVE = YES;
				CLANG_WARN_UNGUARDED_AVAILABILITY = YES_AGGRESSIVE;
				CLANG_WARN_UNREACHABLE_CODE = YES;
				CLANG_WARN__DUPLICATE_METHOD_MATCH = YES;
				CODE_SIGN_STYLE = Automatic;
				COPY_PHASE_STRIP = NO;
				DEBUG_INFORMATION_FORMAT = "dwarf-with-dsym";
				DEVELOPMENT_TEAM = 9BW3JGZF6Z;
				ENABLE_NS_ASSERTIONS = NO;
				ENABLE_STRICT_OBJC_MSGSEND = YES;
				GCC_C_LANGUAGE_STANDARD = gnu11;
				GCC_NO_COMMON_BLOCKS = YES;
				GCC_WARN_64_TO_32_BIT_CONVERSION = YES;
				GCC_WARN_ABOUT_RETURN_TYPE = YES_ERROR;
				GCC_WARN_UNDECLARED_SELECTOR = YES;
				GCC_WARN_UNINITIALIZED_AUTOS = YES_AGGRESSIVE;
				GCC_WARN_UNUSED_FUNCTION = YES;
				GCC_WARN_UNUSED_VARIABLE = YES;
				INFOPLIST_FILE = StarsTopTests/Resources/Info.plist;
				IPHONEOS_DEPLOYMENT_TARGET = 13.2;
				LD_RUNPATH_SEARCH_PATHS = (
					"$(inherited)",
					"@executable_path/Frameworks",
					"@loader_path/Frameworks",
				);
				MTL_ENABLE_DEBUG_INFO = NO;
				MTL_FAST_MATH = YES;
				PRODUCT_BUNDLE_IDENTIFIER = com.starscompany.StarsTopTests;
				PRODUCT_NAME = "$(TARGET_NAME)";
				SDKROOT = iphoneos;
				SWIFT_COMPILATION_MODE = wholemodule;
				SWIFT_OPTIMIZATION_LEVEL = "-O";
				SWIFT_VERSION = 5.0;
				TARGETED_DEVICE_FAMILY = "1,2";
				TEST_HOST = "$(BUILT_PRODUCTS_DIR)/StarsTop.app/StarsTop";
				VALIDATE_PRODUCT = YES;
			};
			name = homolog;
		};
		8DC196412491C63D0074747A /* production */ = {
			isa = XCBuildConfiguration;
			baseConfigurationReference = 266AD5071DA1848EACE83935 /* Pods-StarsTopTests.production.xcconfig */;
			buildSettings = {
				ALWAYS_SEARCH_USER_PATHS = NO;
				BUNDLE_LOADER = "$(TEST_HOST)";
				CLANG_ANALYZER_NONNULL = YES;
				CLANG_ANALYZER_NUMBER_OBJECT_CONVERSION = YES_AGGRESSIVE;
				CLANG_CXX_LANGUAGE_STANDARD = "gnu++14";
				CLANG_CXX_LIBRARY = "libc++";
				CLANG_ENABLE_MODULES = YES;
				CLANG_ENABLE_OBJC_ARC = YES;
				CLANG_ENABLE_OBJC_WEAK = YES;
				CLANG_WARN_BLOCK_CAPTURE_AUTORELEASING = YES;
				CLANG_WARN_BOOL_CONVERSION = YES;
				CLANG_WARN_COMMA = YES;
				CLANG_WARN_CONSTANT_CONVERSION = YES;
				CLANG_WARN_DEPRECATED_OBJC_IMPLEMENTATIONS = YES;
				CLANG_WARN_DIRECT_OBJC_ISA_USAGE = YES_ERROR;
				CLANG_WARN_DOCUMENTATION_COMMENTS = YES;
				CLANG_WARN_EMPTY_BODY = YES;
				CLANG_WARN_ENUM_CONVERSION = YES;
				CLANG_WARN_INFINITE_RECURSION = YES;
				CLANG_WARN_INT_CONVERSION = YES;
				CLANG_WARN_NON_LITERAL_NULL_CONVERSION = YES;
				CLANG_WARN_OBJC_IMPLICIT_RETAIN_SELF = YES;
				CLANG_WARN_OBJC_LITERAL_CONVERSION = YES;
				CLANG_WARN_OBJC_ROOT_CLASS = YES_ERROR;
				CLANG_WARN_RANGE_LOOP_ANALYSIS = YES;
				CLANG_WARN_STRICT_PROTOTYPES = YES;
				CLANG_WARN_SUSPICIOUS_MOVE = YES;
				CLANG_WARN_UNGUARDED_AVAILABILITY = YES_AGGRESSIVE;
				CLANG_WARN_UNREACHABLE_CODE = YES;
				CLANG_WARN__DUPLICATE_METHOD_MATCH = YES;
				CODE_SIGN_STYLE = Automatic;
				COPY_PHASE_STRIP = NO;
				DEBUG_INFORMATION_FORMAT = "dwarf-with-dsym";
				DEVELOPMENT_TEAM = 9BW3JGZF6Z;
				ENABLE_NS_ASSERTIONS = NO;
				ENABLE_STRICT_OBJC_MSGSEND = YES;
				GCC_C_LANGUAGE_STANDARD = gnu11;
				GCC_NO_COMMON_BLOCKS = YES;
				GCC_WARN_64_TO_32_BIT_CONVERSION = YES;
				GCC_WARN_ABOUT_RETURN_TYPE = YES_ERROR;
				GCC_WARN_UNDECLARED_SELECTOR = YES;
				GCC_WARN_UNINITIALIZED_AUTOS = YES_AGGRESSIVE;
				GCC_WARN_UNUSED_FUNCTION = YES;
				GCC_WARN_UNUSED_VARIABLE = YES;
				INFOPLIST_FILE = StarsTopTests/Resources/Info.plist;
				IPHONEOS_DEPLOYMENT_TARGET = 13.2;
				LD_RUNPATH_SEARCH_PATHS = (
					"$(inherited)",
					"@executable_path/Frameworks",
					"@loader_path/Frameworks",
				);
				MTL_ENABLE_DEBUG_INFO = NO;
				MTL_FAST_MATH = YES;
				PRODUCT_BUNDLE_IDENTIFIER = com.starscompany.StarsTopTests;
				PRODUCT_NAME = "$(TARGET_NAME)";
				SDKROOT = iphoneos;
				SWIFT_COMPILATION_MODE = wholemodule;
				SWIFT_OPTIMIZATION_LEVEL = "-O";
				SWIFT_VERSION = 5.0;
				TARGETED_DEVICE_FAMILY = "1,2";
				TEST_HOST = "$(BUILT_PRODUCTS_DIR)/StarsTop.app/StarsTop";
				VALIDATE_PRODUCT = YES;
			};
			name = production;
		};
		8DC196922495F30B0074747A /* develop */ = {
			isa = XCBuildConfiguration;
			buildSettings = {
				ALWAYS_SEARCH_USER_PATHS = NO;
				CLANG_ANALYZER_NONNULL = YES;
				CLANG_ANALYZER_NUMBER_OBJECT_CONVERSION = YES_AGGRESSIVE;
				CLANG_CXX_LANGUAGE_STANDARD = "gnu++14";
				CLANG_CXX_LIBRARY = "libc++";
				CLANG_ENABLE_MODULES = YES;
				CLANG_ENABLE_OBJC_ARC = YES;
				CLANG_ENABLE_OBJC_WEAK = YES;
				CLANG_WARN_BLOCK_CAPTURE_AUTORELEASING = YES;
				CLANG_WARN_BOOL_CONVERSION = YES;
				CLANG_WARN_COMMA = YES;
				CLANG_WARN_CONSTANT_CONVERSION = YES;
				CLANG_WARN_DEPRECATED_OBJC_IMPLEMENTATIONS = YES;
				CLANG_WARN_DIRECT_OBJC_ISA_USAGE = YES_ERROR;
				CLANG_WARN_DOCUMENTATION_COMMENTS = YES;
				CLANG_WARN_EMPTY_BODY = YES;
				CLANG_WARN_ENUM_CONVERSION = YES;
				CLANG_WARN_INFINITE_RECURSION = YES;
				CLANG_WARN_INT_CONVERSION = YES;
				CLANG_WARN_NON_LITERAL_NULL_CONVERSION = YES;
				CLANG_WARN_OBJC_IMPLICIT_RETAIN_SELF = YES;
				CLANG_WARN_OBJC_LITERAL_CONVERSION = YES;
				CLANG_WARN_OBJC_ROOT_CLASS = YES_ERROR;
				CLANG_WARN_RANGE_LOOP_ANALYSIS = YES;
				CLANG_WARN_STRICT_PROTOTYPES = YES;
				CLANG_WARN_SUSPICIOUS_MOVE = YES;
				CLANG_WARN_UNGUARDED_AVAILABILITY = YES_AGGRESSIVE;
				CLANG_WARN_UNREACHABLE_CODE = YES;
				CLANG_WARN__DUPLICATE_METHOD_MATCH = YES;
				CODE_SIGN_STYLE = Automatic;
				COPY_PHASE_STRIP = NO;
				DEBUG_INFORMATION_FORMAT = dwarf;
				DEVELOPMENT_TEAM = 9BW3JGZF6Z;
				ENABLE_STRICT_OBJC_MSGSEND = YES;
				ENABLE_TESTABILITY = YES;
				GCC_C_LANGUAGE_STANDARD = gnu11;
				GCC_DYNAMIC_NO_PIC = NO;
				GCC_NO_COMMON_BLOCKS = YES;
				GCC_OPTIMIZATION_LEVEL = 0;
				GCC_PREPROCESSOR_DEFINITIONS = (
					"DEBUG=1",
					"$(inherited)",
				);
				GCC_WARN_64_TO_32_BIT_CONVERSION = YES;
				GCC_WARN_ABOUT_RETURN_TYPE = YES_ERROR;
				GCC_WARN_UNDECLARED_SELECTOR = YES;
				GCC_WARN_UNINITIALIZED_AUTOS = YES_AGGRESSIVE;
				GCC_WARN_UNUSED_FUNCTION = YES;
				GCC_WARN_UNUSED_VARIABLE = YES;
				INFOPLIST_FILE = StarsTopUITests/Info.plist;
				IPHONEOS_DEPLOYMENT_TARGET = 13.2;
				LD_RUNPATH_SEARCH_PATHS = (
					"$(inherited)",
					"@executable_path/Frameworks",
					"@loader_path/Frameworks",
				);
				MTL_ENABLE_DEBUG_INFO = INCLUDE_SOURCE;
				MTL_FAST_MATH = YES;
				ONLY_ACTIVE_ARCH = YES;
				PRODUCT_BUNDLE_IDENTIFIER = com.starscompany.StarsTopUITests;
				PRODUCT_NAME = "$(TARGET_NAME)";
				SDKROOT = iphoneos;
				SWIFT_ACTIVE_COMPILATION_CONDITIONS = DEBUG;
				SWIFT_OPTIMIZATION_LEVEL = "-Onone";
				SWIFT_VERSION = 5.0;
				TARGETED_DEVICE_FAMILY = "1,2";
				TEST_TARGET_NAME = StarsTop;
			};
			name = develop;
		};
		8DC196932495F30B0074747A /* mock */ = {
			isa = XCBuildConfiguration;
			buildSettings = {
				ALWAYS_SEARCH_USER_PATHS = NO;
				CLANG_ANALYZER_NONNULL = YES;
				CLANG_ANALYZER_NUMBER_OBJECT_CONVERSION = YES_AGGRESSIVE;
				CLANG_CXX_LANGUAGE_STANDARD = "gnu++14";
				CLANG_CXX_LIBRARY = "libc++";
				CLANG_ENABLE_MODULES = YES;
				CLANG_ENABLE_OBJC_ARC = YES;
				CLANG_ENABLE_OBJC_WEAK = YES;
				CLANG_WARN_BLOCK_CAPTURE_AUTORELEASING = YES;
				CLANG_WARN_BOOL_CONVERSION = YES;
				CLANG_WARN_COMMA = YES;
				CLANG_WARN_CONSTANT_CONVERSION = YES;
				CLANG_WARN_DEPRECATED_OBJC_IMPLEMENTATIONS = YES;
				CLANG_WARN_DIRECT_OBJC_ISA_USAGE = YES_ERROR;
				CLANG_WARN_DOCUMENTATION_COMMENTS = YES;
				CLANG_WARN_EMPTY_BODY = YES;
				CLANG_WARN_ENUM_CONVERSION = YES;
				CLANG_WARN_INFINITE_RECURSION = YES;
				CLANG_WARN_INT_CONVERSION = YES;
				CLANG_WARN_NON_LITERAL_NULL_CONVERSION = YES;
				CLANG_WARN_OBJC_IMPLICIT_RETAIN_SELF = YES;
				CLANG_WARN_OBJC_LITERAL_CONVERSION = YES;
				CLANG_WARN_OBJC_ROOT_CLASS = YES_ERROR;
				CLANG_WARN_RANGE_LOOP_ANALYSIS = YES;
				CLANG_WARN_STRICT_PROTOTYPES = YES;
				CLANG_WARN_SUSPICIOUS_MOVE = YES;
				CLANG_WARN_UNGUARDED_AVAILABILITY = YES_AGGRESSIVE;
				CLANG_WARN_UNREACHABLE_CODE = YES;
				CLANG_WARN__DUPLICATE_METHOD_MATCH = YES;
				CODE_SIGN_STYLE = Automatic;
				COPY_PHASE_STRIP = NO;
				DEBUG_INFORMATION_FORMAT = "dwarf-with-dsym";
				DEVELOPMENT_TEAM = 9BW3JGZF6Z;
				ENABLE_NS_ASSERTIONS = NO;
				ENABLE_STRICT_OBJC_MSGSEND = YES;
				GCC_C_LANGUAGE_STANDARD = gnu11;
				GCC_NO_COMMON_BLOCKS = YES;
				GCC_WARN_64_TO_32_BIT_CONVERSION = YES;
				GCC_WARN_ABOUT_RETURN_TYPE = YES_ERROR;
				GCC_WARN_UNDECLARED_SELECTOR = YES;
				GCC_WARN_UNINITIALIZED_AUTOS = YES_AGGRESSIVE;
				GCC_WARN_UNUSED_FUNCTION = YES;
				GCC_WARN_UNUSED_VARIABLE = YES;
				INFOPLIST_FILE = StarsTopUITests/Info.plist;
				IPHONEOS_DEPLOYMENT_TARGET = 13.2;
				LD_RUNPATH_SEARCH_PATHS = (
					"$(inherited)",
					"@executable_path/Frameworks",
					"@loader_path/Frameworks",
				);
				MTL_ENABLE_DEBUG_INFO = NO;
				MTL_FAST_MATH = YES;
				PRODUCT_BUNDLE_IDENTIFIER = com.starscompany.StarsTopUITests;
				PRODUCT_NAME = "$(TARGET_NAME)";
				SDKROOT = iphoneos;
				SWIFT_COMPILATION_MODE = wholemodule;
				SWIFT_OPTIMIZATION_LEVEL = "-O";
				SWIFT_VERSION = 5.0;
				TARGETED_DEVICE_FAMILY = "1,2";
				TEST_TARGET_NAME = StarsTop;
				VALIDATE_PRODUCT = YES;
			};
			name = mock;
		};
		8DC196942495F30B0074747A /* homolog */ = {
			isa = XCBuildConfiguration;
			buildSettings = {
				ALWAYS_SEARCH_USER_PATHS = NO;
				CLANG_ANALYZER_NONNULL = YES;
				CLANG_ANALYZER_NUMBER_OBJECT_CONVERSION = YES_AGGRESSIVE;
				CLANG_CXX_LANGUAGE_STANDARD = "gnu++14";
				CLANG_CXX_LIBRARY = "libc++";
				CLANG_ENABLE_MODULES = YES;
				CLANG_ENABLE_OBJC_ARC = YES;
				CLANG_ENABLE_OBJC_WEAK = YES;
				CLANG_WARN_BLOCK_CAPTURE_AUTORELEASING = YES;
				CLANG_WARN_BOOL_CONVERSION = YES;
				CLANG_WARN_COMMA = YES;
				CLANG_WARN_CONSTANT_CONVERSION = YES;
				CLANG_WARN_DEPRECATED_OBJC_IMPLEMENTATIONS = YES;
				CLANG_WARN_DIRECT_OBJC_ISA_USAGE = YES_ERROR;
				CLANG_WARN_DOCUMENTATION_COMMENTS = YES;
				CLANG_WARN_EMPTY_BODY = YES;
				CLANG_WARN_ENUM_CONVERSION = YES;
				CLANG_WARN_INFINITE_RECURSION = YES;
				CLANG_WARN_INT_CONVERSION = YES;
				CLANG_WARN_NON_LITERAL_NULL_CONVERSION = YES;
				CLANG_WARN_OBJC_IMPLICIT_RETAIN_SELF = YES;
				CLANG_WARN_OBJC_LITERAL_CONVERSION = YES;
				CLANG_WARN_OBJC_ROOT_CLASS = YES_ERROR;
				CLANG_WARN_RANGE_LOOP_ANALYSIS = YES;
				CLANG_WARN_STRICT_PROTOTYPES = YES;
				CLANG_WARN_SUSPICIOUS_MOVE = YES;
				CLANG_WARN_UNGUARDED_AVAILABILITY = YES_AGGRESSIVE;
				CLANG_WARN_UNREACHABLE_CODE = YES;
				CLANG_WARN__DUPLICATE_METHOD_MATCH = YES;
				CODE_SIGN_STYLE = Automatic;
				COPY_PHASE_STRIP = NO;
				DEBUG_INFORMATION_FORMAT = "dwarf-with-dsym";
				DEVELOPMENT_TEAM = 9BW3JGZF6Z;
				ENABLE_NS_ASSERTIONS = NO;
				ENABLE_STRICT_OBJC_MSGSEND = YES;
				GCC_C_LANGUAGE_STANDARD = gnu11;
				GCC_NO_COMMON_BLOCKS = YES;
				GCC_WARN_64_TO_32_BIT_CONVERSION = YES;
				GCC_WARN_ABOUT_RETURN_TYPE = YES_ERROR;
				GCC_WARN_UNDECLARED_SELECTOR = YES;
				GCC_WARN_UNINITIALIZED_AUTOS = YES_AGGRESSIVE;
				GCC_WARN_UNUSED_FUNCTION = YES;
				GCC_WARN_UNUSED_VARIABLE = YES;
				INFOPLIST_FILE = StarsTopUITests/Info.plist;
				IPHONEOS_DEPLOYMENT_TARGET = 13.2;
				LD_RUNPATH_SEARCH_PATHS = (
					"$(inherited)",
					"@executable_path/Frameworks",
					"@loader_path/Frameworks",
				);
				MTL_ENABLE_DEBUG_INFO = NO;
				MTL_FAST_MATH = YES;
				PRODUCT_BUNDLE_IDENTIFIER = com.starscompany.StarsTopUITests;
				PRODUCT_NAME = "$(TARGET_NAME)";
				SDKROOT = iphoneos;
				SWIFT_COMPILATION_MODE = wholemodule;
				SWIFT_OPTIMIZATION_LEVEL = "-O";
				SWIFT_VERSION = 5.0;
				TARGETED_DEVICE_FAMILY = "1,2";
				TEST_TARGET_NAME = StarsTop;
				VALIDATE_PRODUCT = YES;
			};
			name = homolog;
		};
		8DC196952495F30B0074747A /* production */ = {
			isa = XCBuildConfiguration;
			buildSettings = {
				ALWAYS_SEARCH_USER_PATHS = NO;
				CLANG_ANALYZER_NONNULL = YES;
				CLANG_ANALYZER_NUMBER_OBJECT_CONVERSION = YES_AGGRESSIVE;
				CLANG_CXX_LANGUAGE_STANDARD = "gnu++14";
				CLANG_CXX_LIBRARY = "libc++";
				CLANG_ENABLE_MODULES = YES;
				CLANG_ENABLE_OBJC_ARC = YES;
				CLANG_ENABLE_OBJC_WEAK = YES;
				CLANG_WARN_BLOCK_CAPTURE_AUTORELEASING = YES;
				CLANG_WARN_BOOL_CONVERSION = YES;
				CLANG_WARN_COMMA = YES;
				CLANG_WARN_CONSTANT_CONVERSION = YES;
				CLANG_WARN_DEPRECATED_OBJC_IMPLEMENTATIONS = YES;
				CLANG_WARN_DIRECT_OBJC_ISA_USAGE = YES_ERROR;
				CLANG_WARN_DOCUMENTATION_COMMENTS = YES;
				CLANG_WARN_EMPTY_BODY = YES;
				CLANG_WARN_ENUM_CONVERSION = YES;
				CLANG_WARN_INFINITE_RECURSION = YES;
				CLANG_WARN_INT_CONVERSION = YES;
				CLANG_WARN_NON_LITERAL_NULL_CONVERSION = YES;
				CLANG_WARN_OBJC_IMPLICIT_RETAIN_SELF = YES;
				CLANG_WARN_OBJC_LITERAL_CONVERSION = YES;
				CLANG_WARN_OBJC_ROOT_CLASS = YES_ERROR;
				CLANG_WARN_RANGE_LOOP_ANALYSIS = YES;
				CLANG_WARN_STRICT_PROTOTYPES = YES;
				CLANG_WARN_SUSPICIOUS_MOVE = YES;
				CLANG_WARN_UNGUARDED_AVAILABILITY = YES_AGGRESSIVE;
				CLANG_WARN_UNREACHABLE_CODE = YES;
				CLANG_WARN__DUPLICATE_METHOD_MATCH = YES;
				CODE_SIGN_STYLE = Automatic;
				COPY_PHASE_STRIP = NO;
				DEBUG_INFORMATION_FORMAT = "dwarf-with-dsym";
				DEVELOPMENT_TEAM = 9BW3JGZF6Z;
				ENABLE_NS_ASSERTIONS = NO;
				ENABLE_STRICT_OBJC_MSGSEND = YES;
				GCC_C_LANGUAGE_STANDARD = gnu11;
				GCC_NO_COMMON_BLOCKS = YES;
				GCC_WARN_64_TO_32_BIT_CONVERSION = YES;
				GCC_WARN_ABOUT_RETURN_TYPE = YES_ERROR;
				GCC_WARN_UNDECLARED_SELECTOR = YES;
				GCC_WARN_UNINITIALIZED_AUTOS = YES_AGGRESSIVE;
				GCC_WARN_UNUSED_FUNCTION = YES;
				GCC_WARN_UNUSED_VARIABLE = YES;
				INFOPLIST_FILE = StarsTopUITests/Info.plist;
				IPHONEOS_DEPLOYMENT_TARGET = 13.2;
				LD_RUNPATH_SEARCH_PATHS = (
					"$(inherited)",
					"@executable_path/Frameworks",
					"@loader_path/Frameworks",
				);
				MTL_ENABLE_DEBUG_INFO = NO;
				MTL_FAST_MATH = YES;
				PRODUCT_BUNDLE_IDENTIFIER = com.starscompany.StarsTopUITests;
				PRODUCT_NAME = "$(TARGET_NAME)";
				SDKROOT = iphoneos;
				SWIFT_COMPILATION_MODE = wholemodule;
				SWIFT_OPTIMIZATION_LEVEL = "-O";
				SWIFT_VERSION = 5.0;
				TARGETED_DEVICE_FAMILY = "1,2";
				TEST_TARGET_NAME = StarsTop;
				VALIDATE_PRODUCT = YES;
			};
			name = production;
		};
/* End XCBuildConfiguration section */

/* Begin XCConfigurationList section */
		8D893FDD248F114F00D2198E /* Build configuration list for PBXProject "StarsTop" */ = {
			isa = XCConfigurationList;
			buildConfigurations = (
				8D893FFF248F115200D2198E /* develop */,
				8D636AA324919E920030FF33 /* mock */,
				8D894000248F115200D2198E /* homolog */,
				8D636AA624919E9D0030FF33 /* production */,
			);
			defaultConfigurationIsVisible = 0;
			defaultConfigurationName = homolog;
		};
		8D89407F249118C300D2198E /* Build configuration list for PBXNativeTarget "StarsTop" */ = {
			isa = XCConfigurationList;
			buildConfigurations = (
				8D894080249118C300D2198E /* develop */,
				8D636AA424919E920030FF33 /* mock */,
				8D894081249118C300D2198E /* homolog */,
				8D636AA724919E9D0030FF33 /* production */,
			);
			defaultConfigurationIsVisible = 0;
			defaultConfigurationName = homolog;
		};
		8DC1963D2491C63D0074747A /* Build configuration list for PBXNativeTarget "StarsTopTests" */ = {
			isa = XCConfigurationList;
			buildConfigurations = (
				8DC1963E2491C63D0074747A /* develop */,
				8DC1963F2491C63D0074747A /* mock */,
				8DC196402491C63D0074747A /* homolog */,
				8DC196412491C63D0074747A /* production */,
			);
			defaultConfigurationIsVisible = 0;
			defaultConfigurationName = homolog;
		};
		8DC196912495F30B0074747A /* Build configuration list for PBXNativeTarget "StarsTopUITests" */ = {
			isa = XCConfigurationList;
			buildConfigurations = (
				8DC196922495F30B0074747A /* develop */,
				8DC196932495F30B0074747A /* mock */,
				8DC196942495F30B0074747A /* homolog */,
				8DC196952495F30B0074747A /* production */,
			);
			defaultConfigurationIsVisible = 0;
			defaultConfigurationName = homolog;
		};
/* End XCConfigurationList section */
	};
	rootObject = 8D893FDA248F114F00D2198E /* Project object */;
}
