// !$*UTF8*$!
{
	archiveVersion = 1;
	classes = {
	};
	objectVersion = 50;
	objects = {

/* Begin PBXBuildFile section */
		8D893FE6248F114F00D2198E /* AppDelegate.swift in Sources */ = {isa = PBXBuildFile; fileRef = 8D893FE5248F114F00D2198E /* AppDelegate.swift */; };
		8D893FE8248F114F00D2198E /* SceneDelegate.swift in Sources */ = {isa = PBXBuildFile; fileRef = 8D893FE7248F114F00D2198E /* SceneDelegate.swift */; };
		8D893FEF248F115100D2198E /* Assets.xcassets in Resources */ = {isa = PBXBuildFile; fileRef = 8D893FEE248F115100D2198E /* Assets.xcassets */; };
		8D893FF2248F115100D2198E /* LaunchScreen.storyboard in Resources */ = {isa = PBXBuildFile; fileRef = 8D893FF0248F115100D2198E /* LaunchScreen.storyboard */; };
		8D893FFD248F115200D2198E /* StarsTopTests.swift in Sources */ = {isa = PBXBuildFile; fileRef = 8D893FFC248F115200D2198E /* StarsTopTests.swift */; };
		8D89400F248F142F00D2198E /* RepoListView.swift in Sources */ = {isa = PBXBuildFile; fileRef = 8D89400E248F142F00D2198E /* RepoListView.swift */; };
		8D894011248F143E00D2198E /* RepoListViewController.swift in Sources */ = {isa = PBXBuildFile; fileRef = 8D894010248F143E00D2198E /* RepoListViewController.swift */; };
		8D894013248F144B00D2198E /* RepoListInteractor.swift in Sources */ = {isa = PBXBuildFile; fileRef = 8D894012248F144B00D2198E /* RepoListInteractor.swift */; };
		8D894015248F145600D2198E /* RepoListPresenter.swift in Sources */ = {isa = PBXBuildFile; fileRef = 8D894014248F145600D2198E /* RepoListPresenter.swift */; };
		8D894017248F148D00D2198E /* RepoListRouter.swift in Sources */ = {isa = PBXBuildFile; fileRef = 8D894016248F148D00D2198E /* RepoListRouter.swift */; };
		8D894019248F149D00D2198E /* RepoListConfigurator.swift in Sources */ = {isa = PBXBuildFile; fileRef = 8D894018248F149D00D2198E /* RepoListConfigurator.swift */; };
		8D89401B248F24D500D2198E /* RepoListModels.swift in Sources */ = {isa = PBXBuildFile; fileRef = 8D89401A248F24D500D2198E /* RepoListModels.swift */; };
		8D89401D248F25AD00D2198E /* RepoListWorker.swift in Sources */ = {isa = PBXBuildFile; fileRef = 8D89401C248F25AD00D2198E /* RepoListWorker.swift */; };
/* End PBXBuildFile section */

/* Begin PBXContainerItemProxy section */
		8D893FF9248F115200D2198E /* PBXContainerItemProxy */ = {
			isa = PBXContainerItemProxy;
			containerPortal = 8D893FDA248F114F00D2198E /* Project object */;
			proxyType = 1;
			remoteGlobalIDString = 8D893FE1248F114F00D2198E;
			remoteInfo = StarsTop;
		};
/* End PBXContainerItemProxy section */

/* Begin PBXFileReference section */
		8D893FE2248F114F00D2198E /* StarsTop.app */ = {isa = PBXFileReference; explicitFileType = wrapper.application; includeInIndex = 0; path = StarsTop.app; sourceTree = BUILT_PRODUCTS_DIR; };
		8D893FE5248F114F00D2198E /* AppDelegate.swift */ = {isa = PBXFileReference; lastKnownFileType = sourcecode.swift; path = AppDelegate.swift; sourceTree = "<group>"; };
		8D893FE7248F114F00D2198E /* SceneDelegate.swift */ = {isa = PBXFileReference; lastKnownFileType = sourcecode.swift; path = SceneDelegate.swift; sourceTree = "<group>"; };
		8D893FEE248F115100D2198E /* Assets.xcassets */ = {isa = PBXFileReference; lastKnownFileType = folder.assetcatalog; path = Assets.xcassets; sourceTree = "<group>"; };
		8D893FF1248F115100D2198E /* Base */ = {isa = PBXFileReference; lastKnownFileType = file.storyboard; name = Base; path = Base.lproj/LaunchScreen.storyboard; sourceTree = "<group>"; };
		8D893FF3248F115100D2198E /* Info.plist */ = {isa = PBXFileReference; lastKnownFileType = text.plist.xml; path = Info.plist; sourceTree = "<group>"; };
		8D893FF8248F115200D2198E /* StarsTopTests.xctest */ = {isa = PBXFileReference; explicitFileType = wrapper.cfbundle; includeInIndex = 0; path = StarsTopTests.xctest; sourceTree = BUILT_PRODUCTS_DIR; };
		8D893FFC248F115200D2198E /* StarsTopTests.swift */ = {isa = PBXFileReference; lastKnownFileType = sourcecode.swift; path = StarsTopTests.swift; sourceTree = "<group>"; };
		8D893FFE248F115200D2198E /* Info.plist */ = {isa = PBXFileReference; lastKnownFileType = text.plist.xml; path = Info.plist; sourceTree = "<group>"; };
		8D89400E248F142F00D2198E /* RepoListView.swift */ = {isa = PBXFileReference; lastKnownFileType = sourcecode.swift; path = RepoListView.swift; sourceTree = "<group>"; };
		8D894010248F143E00D2198E /* RepoListViewController.swift */ = {isa = PBXFileReference; lastKnownFileType = sourcecode.swift; path = RepoListViewController.swift; sourceTree = "<group>"; };
		8D894012248F144B00D2198E /* RepoListInteractor.swift */ = {isa = PBXFileReference; lastKnownFileType = sourcecode.swift; path = RepoListInteractor.swift; sourceTree = "<group>"; };
		8D894014248F145600D2198E /* RepoListPresenter.swift */ = {isa = PBXFileReference; lastKnownFileType = sourcecode.swift; path = RepoListPresenter.swift; sourceTree = "<group>"; };
		8D894016248F148D00D2198E /* RepoListRouter.swift */ = {isa = PBXFileReference; lastKnownFileType = sourcecode.swift; path = RepoListRouter.swift; sourceTree = "<group>"; };
		8D894018248F149D00D2198E /* RepoListConfigurator.swift */ = {isa = PBXFileReference; lastKnownFileType = sourcecode.swift; path = RepoListConfigurator.swift; sourceTree = "<group>"; };
		8D89401A248F24D500D2198E /* RepoListModels.swift */ = {isa = PBXFileReference; lastKnownFileType = sourcecode.swift; path = RepoListModels.swift; sourceTree = "<group>"; };
		8D89401C248F25AD00D2198E /* RepoListWorker.swift */ = {isa = PBXFileReference; lastKnownFileType = sourcecode.swift; path = RepoListWorker.swift; sourceTree = "<group>"; };
/* End PBXFileReference section */

/* Begin PBXFrameworksBuildPhase section */
		8D893FDF248F114F00D2198E /* Frameworks */ = {
			isa = PBXFrameworksBuildPhase;
			buildActionMask = 2147483647;
			files = (
			);
			runOnlyForDeploymentPostprocessing = 0;
		};
		8D893FF5248F115200D2198E /* Frameworks */ = {
			isa = PBXFrameworksBuildPhase;
			buildActionMask = 2147483647;
			files = (
			);
			runOnlyForDeploymentPostprocessing = 0;
		};
/* End PBXFrameworksBuildPhase section */

/* Begin PBXGroup section */
		8D893FD9248F114F00D2198E = {
			isa = PBXGroup;
			children = (
				8D893FE4248F114F00D2198E /* StarsTop */,
				8D893FFB248F115200D2198E /* StarsTopTests */,
				8D893FE3248F114F00D2198E /* Products */,
			);
			sourceTree = "<group>";
		};
		8D893FE3248F114F00D2198E /* Products */ = {
			isa = PBXGroup;
			children = (
				8D893FE2248F114F00D2198E /* StarsTop.app */,
				8D893FF8248F115200D2198E /* StarsTopTests.xctest */,
			);
			name = Products;
			sourceTree = "<group>";
		};
		8D893FE4248F114F00D2198E /* StarsTop */ = {
			isa = PBXGroup;
			children = (
				8D894007248F126300D2198E /* Application */,
				8D894008248F126D00D2198E /* Presentation */,
				8D89400B248F12C800D2198E /* Core */,
				8D89400A248F12B100D2198E /* Business */,
				8D89400C248F133900D2198E /* Assets */,
				8D893FF0248F115100D2198E /* LaunchScreen.storyboard */,
				8D893FF3248F115100D2198E /* Info.plist */,
			);
			path = StarsTop;
			sourceTree = "<group>";
		};
		8D893FFB248F115200D2198E /* StarsTopTests */ = {
			isa = PBXGroup;
			children = (
				8D893FFC248F115200D2198E /* StarsTopTests.swift */,
				8D893FFE248F115200D2198E /* Info.plist */,
			);
			path = StarsTopTests;
			sourceTree = "<group>";
		};
		8D894007248F126300D2198E /* Application */ = {
			isa = PBXGroup;
			children = (
				8D893FE7248F114F00D2198E /* SceneDelegate.swift */,
				8D893FE5248F114F00D2198E /* AppDelegate.swift */,
			);
			path = Application;
			sourceTree = "<group>";
		};
		8D894008248F126D00D2198E /* Presentation */ = {
			isa = PBXGroup;
			children = (
				8D894009248F129200D2198E /* Modules */,
			);
			path = Presentation;
			sourceTree = "<group>";
		};
		8D894009248F129200D2198E /* Modules */ = {
			isa = PBXGroup;
			children = (
				8D89400D248F13F100D2198E /* RepoList */,
			);
			path = Modules;
			sourceTree = "<group>";
		};
		8D89400A248F12B100D2198E /* Business */ = {
			isa = PBXGroup;
			children = (
			);
			path = Business;
			sourceTree = "<group>";
		};
		8D89400B248F12C800D2198E /* Core */ = {
			isa = PBXGroup;
			children = (
			);
			path = Core;
			sourceTree = "<group>";
		};
		8D89400C248F133900D2198E /* Assets */ = {
			isa = PBXGroup;
			children = (
				8D893FEE248F115100D2198E /* Assets.xcassets */,
			);
			path = Assets;
			sourceTree = "<group>";
		};
		8D89400D248F13F100D2198E /* RepoList */ = {
			isa = PBXGroup;
			children = (
				8D89400E248F142F00D2198E /* RepoListView.swift */,
				8D894010248F143E00D2198E /* RepoListViewController.swift */,
				8D894012248F144B00D2198E /* RepoListInteractor.swift */,
				8D894014248F145600D2198E /* RepoListPresenter.swift */,
				8D894016248F148D00D2198E /* RepoListRouter.swift */,
				8D894018248F149D00D2198E /* RepoListConfigurator.swift */,
				8D89401A248F24D500D2198E /* RepoListModels.swift */,
				8D89401C248F25AD00D2198E /* RepoListWorker.swift */,
			);
			path = RepoList;
			sourceTree = "<group>";
		};
/* End PBXGroup section */

/* Begin PBXNativeTarget section */
		8D893FE1248F114F00D2198E /* StarsTop */ = {
			isa = PBXNativeTarget;
			buildConfigurationList = 8D894001248F115200D2198E /* Build configuration list for PBXNativeTarget "StarsTop" */;
			buildPhases = (
				8D893FDE248F114F00D2198E /* Sources */,
				8D893FDF248F114F00D2198E /* Frameworks */,
				8D893FE0248F114F00D2198E /* Resources */,
			);
			buildRules = (
			);
			dependencies = (
			);
			name = StarsTop;
			productName = StarsTop;
			productReference = 8D893FE2248F114F00D2198E /* StarsTop.app */;
			productType = "com.apple.product-type.application";
		};
		8D893FF7248F115200D2198E /* StarsTopTests */ = {
			isa = PBXNativeTarget;
			buildConfigurationList = 8D894004248F115200D2198E /* Build configuration list for PBXNativeTarget "StarsTopTests" */;
			buildPhases = (
				8D893FF4248F115200D2198E /* Sources */,
				8D893FF5248F115200D2198E /* Frameworks */,
				8D893FF6248F115200D2198E /* Resources */,
			);
			buildRules = (
			);
			dependencies = (
				8D893FFA248F115200D2198E /* PBXTargetDependency */,
			);
			name = StarsTopTests;
			productName = StarsTopTests;
			productReference = 8D893FF8248F115200D2198E /* StarsTopTests.xctest */;
			productType = "com.apple.product-type.bundle.unit-test";
		};
/* End PBXNativeTarget section */

/* Begin PBXProject section */
		8D893FDA248F114F00D2198E /* Project object */ = {
			isa = PBXProject;
			attributes = {
				LastSwiftUpdateCheck = 1130;
				LastUpgradeCheck = 1130;
				ORGANIZATIONNAME = Test;
				TargetAttributes = {
					8D893FE1248F114F00D2198E = {
						CreatedOnToolsVersion = 11.3.1;
					};
					8D893FF7248F115200D2198E = {
						CreatedOnToolsVersion = 11.3.1;
						TestTargetID = 8D893FE1248F114F00D2198E;
					};
				};
			};
			buildConfigurationList = 8D893FDD248F114F00D2198E /* Build configuration list for PBXProject "StarsTop" */;
			compatibilityVersion = "Xcode 9.3";
			developmentRegion = en;
			hasScannedForEncodings = 0;
			knownRegions = (
				en,
				Base,
			);
			mainGroup = 8D893FD9248F114F00D2198E;
			productRefGroup = 8D893FE3248F114F00D2198E /* Products */;
			projectDirPath = "";
			projectRoot = "";
			targets = (
				8D893FE1248F114F00D2198E /* StarsTop */,
				8D893FF7248F115200D2198E /* StarsTopTests */,
			);
		};
/* End PBXProject section */

/* Begin PBXResourcesBuildPhase section */
		8D893FE0248F114F00D2198E /* Resources */ = {
			isa = PBXResourcesBuildPhase;
			buildActionMask = 2147483647;
			files = (
				8D893FF2248F115100D2198E /* LaunchScreen.storyboard in Resources */,
				8D893FEF248F115100D2198E /* Assets.xcassets in Resources */,
			);
			runOnlyForDeploymentPostprocessing = 0;
		};
		8D893FF6248F115200D2198E /* Resources */ = {
			isa = PBXResourcesBuildPhase;
			buildActionMask = 2147483647;
			files = (
			);
			runOnlyForDeploymentPostprocessing = 0;
		};
/* End PBXResourcesBuildPhase section */

/* Begin PBXSourcesBuildPhase section */
		8D893FDE248F114F00D2198E /* Sources */ = {
			isa = PBXSourcesBuildPhase;
			buildActionMask = 2147483647;
			files = (
				8D894013248F144B00D2198E /* RepoListInteractor.swift in Sources */,
				8D894011248F143E00D2198E /* RepoListViewController.swift in Sources */,
				8D89401B248F24D500D2198E /* RepoListModels.swift in Sources */,
				8D894019248F149D00D2198E /* RepoListConfigurator.swift in Sources */,
				8D894017248F148D00D2198E /* RepoListRouter.swift in Sources */,
				8D894015248F145600D2198E /* RepoListPresenter.swift in Sources */,
				8D893FE6248F114F00D2198E /* AppDelegate.swift in Sources */,
				8D89400F248F142F00D2198E /* RepoListView.swift in Sources */,
				8D893FE8248F114F00D2198E /* SceneDelegate.swift in Sources */,
				8D89401D248F25AD00D2198E /* RepoListWorker.swift in Sources */,
			);
			runOnlyForDeploymentPostprocessing = 0;
		};
		8D893FF4248F115200D2198E /* Sources */ = {
			isa = PBXSourcesBuildPhase;
			buildActionMask = 2147483647;
			files = (
				8D893FFD248F115200D2198E /* StarsTopTests.swift in Sources */,
			);
			runOnlyForDeploymentPostprocessing = 0;
		};
/* End PBXSourcesBuildPhase section */

/* Begin PBXTargetDependency section */
		8D893FFA248F115200D2198E /* PBXTargetDependency */ = {
			isa = PBXTargetDependency;
			target = 8D893FE1248F114F00D2198E /* StarsTop */;
			targetProxy = 8D893FF9248F115200D2198E /* PBXContainerItemProxy */;
		};
/* End PBXTargetDependency section */

/* Begin PBXVariantGroup section */
		8D893FF0248F115100D2198E /* LaunchScreen.storyboard */ = {
			isa = PBXVariantGroup;
			children = (
				8D893FF1248F115100D2198E /* Base */,
			);
			name = LaunchScreen.storyboard;
			sourceTree = "<group>";
		};
/* End PBXVariantGroup section */

/* Begin XCBuildConfiguration section */
		8D893FFF248F115200D2198E /* Debug */ = {
			isa = XCBuildConfiguration;
			buildSettings = {
				ALWAYS_SEARCH_USER_PATHS = NO;
				CLANG_ANALYZER_NONNULL = YES;
				CLANG_ANALYZER_NUMBER_OBJECT_CONVERSION = YES_AGGRESSIVE;
				CLANG_CXX_LANGUAGE_STANDARD = "gnu++14";
				CLANG_CXX_LIBRARY = "libc++";
				CLANG_ENABLE_MODULES = YES;
				CLANG_ENABLE_OBJC_ARC = YES;
				CLANG_ENABLE_OBJC_WEAK = YES;
				CLANG_WARN_BLOCK_CAPTURE_AUTORELEASING = YES;
				CLANG_WARN_BOOL_CONVERSION = YES;
				CLANG_WARN_COMMA = YES;
				CLANG_WARN_CONSTANT_CONVERSION = YES;
				CLANG_WARN_DEPRECATED_OBJC_IMPLEMENTATIONS = YES;
				CLANG_WARN_DIRECT_OBJC_ISA_USAGE = YES_ERROR;
				CLANG_WARN_DOCUMENTATION_COMMENTS = YES;
				CLANG_WARN_EMPTY_BODY = YES;
				CLANG_WARN_ENUM_CONVERSION = YES;
				CLANG_WARN_INFINITE_RECURSION = YES;
				CLANG_WARN_INT_CONVERSION = YES;
				CLANG_WARN_NON_LITERAL_NULL_CONVERSION = YES;
				CLANG_WARN_OBJC_IMPLICIT_RETAIN_SELF = YES;
				CLANG_WARN_OBJC_LITERAL_CONVERSION = YES;
				CLANG_WARN_OBJC_ROOT_CLASS = YES_ERROR;
				CLANG_WARN_RANGE_LOOP_ANALYSIS = YES;
				CLANG_WARN_STRICT_PROTOTYPES = YES;
				CLANG_WARN_SUSPICIOUS_MOVE = YES;
				CLANG_WARN_UNGUARDED_AVAILABILITY = YES_AGGRESSIVE;
				CLANG_WARN_UNREACHABLE_CODE = YES;
				CLANG_WARN__DUPLICATE_METHOD_MATCH = YES;
				COPY_PHASE_STRIP = NO;
				DEBUG_INFORMATION_FORMAT = dwarf;
				ENABLE_STRICT_OBJC_MSGSEND = YES;
				ENABLE_TESTABILITY = YES;
				GCC_C_LANGUAGE_STANDARD = gnu11;
				GCC_DYNAMIC_NO_PIC = NO;
				GCC_NO_COMMON_BLOCKS = YES;
				GCC_OPTIMIZATION_LEVEL = 0;
				GCC_PREPROCESSOR_DEFINITIONS = (
					"DEBUG=1",
					"$(inherited)",
				);
				GCC_WARN_64_TO_32_BIT_CONVERSION = YES;
				GCC_WARN_ABOUT_RETURN_TYPE = YES_ERROR;
				GCC_WARN_UNDECLARED_SELECTOR = YES;
				GCC_WARN_UNINITIALIZED_AUTOS = YES_AGGRESSIVE;
				GCC_WARN_UNUSED_FUNCTION = YES;
				GCC_WARN_UNUSED_VARIABLE = YES;
				IPHONEOS_DEPLOYMENT_TARGET = 13.2;
				MTL_ENABLE_DEBUG_INFO = INCLUDE_SOURCE;
				MTL_FAST_MATH = YES;
				ONLY_ACTIVE_ARCH = YES;
				SDKROOT = iphoneos;
				SWIFT_ACTIVE_COMPILATION_CONDITIONS = DEBUG;
				SWIFT_OPTIMIZATION_LEVEL = "-Onone";
			};
			name = Debug;
		};
		8D894000248F115200D2198E /* Release */ = {
			isa = XCBuildConfiguration;
			buildSettings = {
				ALWAYS_SEARCH_USER_PATHS = NO;
				CLANG_ANALYZER_NONNULL = YES;
				CLANG_ANALYZER_NUMBER_OBJECT_CONVERSION = YES_AGGRESSIVE;
				CLANG_CXX_LANGUAGE_STANDARD = "gnu++14";
				CLANG_CXX_LIBRARY = "libc++";
				CLANG_ENABLE_MODULES = YES;
				CLANG_ENABLE_OBJC_ARC = YES;
				CLANG_ENABLE_OBJC_WEAK = YES;
				CLANG_WARN_BLOCK_CAPTURE_AUTORELEASING = YES;
				CLANG_WARN_BOOL_CONVERSION = YES;
				CLANG_WARN_COMMA = YES;
				CLANG_WARN_CONSTANT_CONVERSION = YES;
				CLANG_WARN_DEPRECATED_OBJC_IMPLEMENTATIONS = YES;
				CLANG_WARN_DIRECT_OBJC_ISA_USAGE = YES_ERROR;
				CLANG_WARN_DOCUMENTATION_COMMENTS = YES;
				CLANG_WARN_EMPTY_BODY = YES;
				CLANG_WARN_ENUM_CONVERSION = YES;
				CLANG_WARN_INFINITE_RECURSION = YES;
				CLANG_WARN_INT_CONVERSION = YES;
				CLANG_WARN_NON_LITERAL_NULL_CONVERSION = YES;
				CLANG_WARN_OBJC_IMPLICIT_RETAIN_SELF = YES;
				CLANG_WARN_OBJC_LITERAL_CONVERSION = YES;
				CLANG_WARN_OBJC_ROOT_CLASS = YES_ERROR;
				CLANG_WARN_RANGE_LOOP_ANALYSIS = YES;
				CLANG_WARN_STRICT_PROTOTYPES = YES;
				CLANG_WARN_SUSPICIOUS_MOVE = YES;
				CLANG_WARN_UNGUARDED_AVAILABILITY = YES_AGGRESSIVE;
				CLANG_WARN_UNREACHABLE_CODE = YES;
				CLANG_WARN__DUPLICATE_METHOD_MATCH = YES;
				COPY_PHASE_STRIP = NO;
				DEBUG_INFORMATION_FORMAT = "dwarf-with-dsym";
				ENABLE_NS_ASSERTIONS = NO;
				ENABLE_STRICT_OBJC_MSGSEND = YES;
				GCC_C_LANGUAGE_STANDARD = gnu11;
				GCC_NO_COMMON_BLOCKS = YES;
				GCC_WARN_64_TO_32_BIT_CONVERSION = YES;
				GCC_WARN_ABOUT_RETURN_TYPE = YES_ERROR;
				GCC_WARN_UNDECLARED_SELECTOR = YES;
				GCC_WARN_UNINITIALIZED_AUTOS = YES_AGGRESSIVE;
				GCC_WARN_UNUSED_FUNCTION = YES;
				GCC_WARN_UNUSED_VARIABLE = YES;
				IPHONEOS_DEPLOYMENT_TARGET = 13.2;
				MTL_ENABLE_DEBUG_INFO = NO;
				MTL_FAST_MATH = YES;
				SDKROOT = iphoneos;
				SWIFT_COMPILATION_MODE = wholemodule;
				SWIFT_OPTIMIZATION_LEVEL = "-O";
				VALIDATE_PRODUCT = YES;
			};
			name = Release;
		};
		8D894002248F115200D2198E /* Debug */ = {
			isa = XCBuildConfiguration;
			buildSettings = {
				ASSETCATALOG_COMPILER_APPICON_NAME = AppIcon;
				CODE_SIGN_STYLE = Automatic;
				DEVELOPMENT_TEAM = 9BW3JGZF6Z;
				INFOPLIST_FILE = StarsTop/Info.plist;
				LD_RUNPATH_SEARCH_PATHS = (
					"$(inherited)",
					"@executable_path/Frameworks",
				);
				PRODUCT_BUNDLE_IDENTIFIER = com.starscompany.StarsTop;
				PRODUCT_NAME = "$(TARGET_NAME)";
				SWIFT_VERSION = 5.0;
				TARGETED_DEVICE_FAMILY = "1,2";
			};
			name = Debug;
		};
		8D894003248F115200D2198E /* Release */ = {
			isa = XCBuildConfiguration;
			buildSettings = {
				ASSETCATALOG_COMPILER_APPICON_NAME = AppIcon;
				CODE_SIGN_STYLE = Automatic;
				DEVELOPMENT_TEAM = 9BW3JGZF6Z;
				INFOPLIST_FILE = StarsTop/Info.plist;
				LD_RUNPATH_SEARCH_PATHS = (
					"$(inherited)",
					"@executable_path/Frameworks",
				);
				PRODUCT_BUNDLE_IDENTIFIER = com.starscompany.StarsTop;
				PRODUCT_NAME = "$(TARGET_NAME)";
				SWIFT_VERSION = 5.0;
				TARGETED_DEVICE_FAMILY = "1,2";
			};
			name = Release;
		};
		8D894005248F115200D2198E /* Debug */ = {
			isa = XCBuildConfiguration;
			buildSettings = {
				ALWAYS_EMBED_SWIFT_STANDARD_LIBRARIES = YES;
				BUNDLE_LOADER = "$(TEST_HOST)";
				CODE_SIGN_STYLE = Automatic;
				DEVELOPMENT_TEAM = 9BW3JGZF6Z;
				INFOPLIST_FILE = StarsTopTests/Info.plist;
				IPHONEOS_DEPLOYMENT_TARGET = 13.2;
				LD_RUNPATH_SEARCH_PATHS = (
					"$(inherited)",
					"@executable_path/Frameworks",
					"@loader_path/Frameworks",
				);
				PRODUCT_BUNDLE_IDENTIFIER = com.starscompany.StarsTopTests;
				PRODUCT_NAME = "$(TARGET_NAME)";
				SWIFT_VERSION = 5.0;
				TARGETED_DEVICE_FAMILY = "1,2";
				TEST_HOST = "$(BUILT_PRODUCTS_DIR)/StarsTop.app/StarsTop";
			};
			name = Debug;
		};
		8D894006248F115200D2198E /* Release */ = {
			isa = XCBuildConfiguration;
			buildSettings = {
				ALWAYS_EMBED_SWIFT_STANDARD_LIBRARIES = YES;
				BUNDLE_LOADER = "$(TEST_HOST)";
				CODE_SIGN_STYLE = Automatic;
				DEVELOPMENT_TEAM = 9BW3JGZF6Z;
				INFOPLIST_FILE = StarsTopTests/Info.plist;
				IPHONEOS_DEPLOYMENT_TARGET = 13.2;
				LD_RUNPATH_SEARCH_PATHS = (
					"$(inherited)",
					"@executable_path/Frameworks",
					"@loader_path/Frameworks",
				);
				PRODUCT_BUNDLE_IDENTIFIER = com.starscompany.StarsTopTests;
				PRODUCT_NAME = "$(TARGET_NAME)";
				SWIFT_VERSION = 5.0;
				TARGETED_DEVICE_FAMILY = "1,2";
				TEST_HOST = "$(BUILT_PRODUCTS_DIR)/StarsTop.app/StarsTop";
			};
			name = Release;
		};
/* End XCBuildConfiguration section */

/* Begin XCConfigurationList section */
		8D893FDD248F114F00D2198E /* Build configuration list for PBXProject "StarsTop" */ = {
			isa = XCConfigurationList;
			buildConfigurations = (
				8D893FFF248F115200D2198E /* Debug */,
				8D894000248F115200D2198E /* Release */,
			);
			defaultConfigurationIsVisible = 0;
			defaultConfigurationName = Release;
		};
		8D894001248F115200D2198E /* Build configuration list for PBXNativeTarget "StarsTop" */ = {
			isa = XCConfigurationList;
			buildConfigurations = (
				8D894002248F115200D2198E /* Debug */,
				8D894003248F115200D2198E /* Release */,
			);
			defaultConfigurationIsVisible = 0;
			defaultConfigurationName = Release;
		};
		8D894004248F115200D2198E /* Build configuration list for PBXNativeTarget "StarsTopTests" */ = {
			isa = XCConfigurationList;
			buildConfigurations = (
				8D894005248F115200D2198E /* Debug */,
				8D894006248F115200D2198E /* Release */,
			);
			defaultConfigurationIsVisible = 0;
			defaultConfigurationName = Release;
		};
/* End XCConfigurationList section */
	};
	rootObject = 8D893FDA248F114F00D2198E /* Project object */;
}
